// !$*UTF8*$!
{
	archiveVersion = 1;
	classes = {
	};
	objectVersion = 46;
	objects = {
		E5F0AAD3DBBE10986BE1F8A6 = {
			isa = PBXBuildFile;
			fileRef = 44AE87E741B3E800690C03E8;
		};
		29B7E6883B4678E6CED14475 = {
			isa = PBXBuildFile;
			fileRef = F00524EB7DEFAD8795699575;
		};
		9745AE2C6C98559C1AF0EFA4 = {
			isa = PBXBuildFile;
			fileRef = C7DEDCE7B261A161F74F9939;
		};
		651A167E4D7B95F97F41FBC6 = {
			isa = PBXBuildFile;
			fileRef = 5A38C4CA623FFA9E450DAC0D;
		};
		7F85B46C68CF97F724F18CF9 = {
			isa = PBXBuildFile;
			fileRef = 25A8577FF5180B8D5193D3A8;
		};
		09CD536FDB5799BD6131308A = {
			isa = PBXBuildFile;
			fileRef = 7DF9AADC021EFE1B94026C25;
		};
		3695C205788D6425799A667C = {
			isa = PBXBuildFile;
			fileRef = 5AD5F49DF553691495A12D1D;
		};
		4A65F33190D899D16CE8D8BB = {
			isa = PBXBuildFile;
			fileRef = C7D47AE06A06E814D6597B5B;
		};
		43D48BEA4180E65EE8F48796 = {
			isa = PBXBuildFile;
			fileRef = 31C98AC147DA461B64AF9A58;
		};
		18B172250216F428B2287211 = {
			isa = PBXBuildFile;
			fileRef = ABD62B72F67C7652828BE6B3;
		};
		4E69660300F224888FF619B2 = {
			isa = PBXBuildFile;
			fileRef = 6C30F0654551E24CF29A4471;
		};
		BB4F2911CDBF6A70EE8F3A71 = {
			isa = PBXBuildFile;
			fileRef = 22FC8C6533D6A7197984B18D;
		};
		95C8C6AF09C90076ACA18E70 = {
			isa = PBXBuildFile;
			fileRef = BE5C60752CEE355C172D179D;
		};
		E4327C21A2001A2067558C7D = {
			isa = PBXBuildFile;
			fileRef = AA65A66F7BE8109C2F8ABD7E;
		};
		648854FEA0E4092B1F5D2D7E = {
			isa = PBXBuildFile;
			fileRef = E475C0783A82AD0CD2479D8B;
		};
		14B315DCC7EFBC7F1A206D47 = {
			isa = PBXBuildFile;
			fileRef = A3A5D57C5FDBFB4DF8F99FF2;
		};
		820CF68A3795AE7DEDB36EC7 = {
			isa = PBXBuildFile;
			fileRef = 901A07379A211AA12AB772D9;
		};
		6ED0C29BD44476D6F0AD0F40 = {
			isa = PBXBuildFile;
			fileRef = 0BCF5111AE9EF5AC03DE357D;
		};
		798A18BBCE218E9713FD9232 = {
			isa = PBXBuildFile;
			fileRef = 1B7A790885E3F3CC542CD419;
		};
		C87FDB4D4AF2146236069AE0 = {
			isa = PBXBuildFile;
			fileRef = 34F5197E6A1C231A8F92193C;
		};
		EFD2015EE38B977CA73F75A0 = {
			isa = PBXBuildFile;
			fileRef = 46C33B4264EE0C0212FF8843;
		};
		A596A06BFB609418FCAB0927 = {
			isa = PBXBuildFile;
			fileRef = F328B65EB8DB9A29C4A7C2C0;
		};
		33565773F0EE2FEBC0BB81EA = {
			isa = PBXBuildFile;
			fileRef = 6E892BB1F39C3CCCC63CD935;
		};
		B98B8C03CF724761F4C1EA83 = {
			isa = PBXBuildFile;
			fileRef = 8E5642515A70E68A56A1EDA7;
		};
		6CAE5F29E3AB7F9DEDBACE87 = {
			isa = PBXBuildFile;
			fileRef = E4C28069921A0ADE8D30F0F7;
		};
		573D044F77ABCD063B570674 = {
			isa = PBXBuildFile;
			fileRef = 9FCC767CB08CF523736C64EB;
		};
		ECB9F44CF04DAE9BB869A3B7 = {
			isa = PBXBuildFile;
			fileRef = 98ED989C24F96A0B075B5217;
		};
		7DB4FD2FA82EC16557DC8565 = {
			isa = PBXBuildFile;
			fileRef = 570BF6FAE24933FFD34484DE;
		};
		67C5AA240264B59D17603C19 = {
			isa = PBXBuildFile;
			fileRef = B9CE020CF392D5F624CFA0AE;
		};
		CAC6216C93B546886A42A805 = {
			isa = PBXBuildFile;
			fileRef = C570C1A366173B9CBCC6D1B8;
		};
		3F6A865C282B7ADA4CD0116E = {
			isa = PBXBuildFile;
			fileRef = 9A32862A6A4C80EA085B3606;
		};
		13BFEADAB411CC1426857F92 = {
			isa = PBXBuildFile;
			fileRef = 83FD57A07DCBAC4165C8F73E;
		};
		0129D5F5531A642288E08CDB = {
			isa = PBXBuildFile;
			fileRef = C4A3BDD682726E86F686D9B7;
		};
		F4D8D6EA8EB2317BCC40CA03 = {
			isa = PBXBuildFile;
			fileRef = BABE25E6B1726A769A141BBB;
		};
		ADF07813BBE7A3B985EC3FA5 = {
			isa = PBXBuildFile;
			fileRef = E82A22BD215436A8E43BBB10;
		};
		2B626446D7077D886CE75C38 = {
			isa = PBXBuildFile;
			fileRef = 275AB3375349921C1EF44F6E;
		};
		5116EA04D481D92701783A08 = {
			isa = PBXBuildFile;
			fileRef = 3D67A9F9B311C90510BE8235;
		};
		7527959CF9F477C78B0D693C = {
			isa = PBXBuildFile;
			fileRef = B8E084A0148549E61F38F731;
		};
		0160FC92D20187C507038DDB = {
			isa = PBXFileReference;
			lastKnownFileType = file;
			name = "juce_audio_formats";
			path = "~/JUCE/modules/juce_audio_formats";
			sourceTree = "<absolute>";
		};
		0BCF5111AE9EF5AC03DE357D = {
			isa = PBXFileReference;
			lastKnownFileType = file.nib;
			name = RecentFilesMenuTemplate.nib;
			path = RecentFilesMenuTemplate.nib;
			sourceTree = "SOURCE_ROOT";
		};
		13E220C5731E870981745A91 = {
			isa = PBXFileReference;
			lastKnownFileType = file;
			name = "juce_audio_processors";
			path = "~/JUCE/modules/juce_audio_processors";
			sourceTree = "<absolute>";
		};
		16068DCA7E400BF01FC0AFCA = {
			isa = PBXFileReference;
			lastKnownFileType = text.plist.xml;
			name = "Info-VST3.plist";
			path = "Info-VST3.plist";
			sourceTree = "SOURCE_ROOT";
		};
		1847685D2E0CEDFE40DD443D = {
			isa = PBXFileReference;
			lastKnownFileType = file;
			name = "juce_core";
			path = "~/JUCE/modules/juce_core";
			sourceTree = "<absolute>";
		};
		1B7A790885E3F3CC542CD419 = {
			isa = PBXFileReference;
			lastKnownFileType = sourcecode.cpp.cpp;
			name = PluginProcessor.cpp;
			path = ../../Source/PluginProcessor.cpp;
			sourceTree = "SOURCE_ROOT";
		};
		1FF330F8819D844B3222540B = {
			isa = PBXFileReference;
			lastKnownFileType = sourcecode.c.h;
			name = JucePluginDefines.h;
			path = ../../JuceLibraryCode/JucePluginDefines.h;
			sourceTree = "SOURCE_ROOT";
		};
		22FC8C6533D6A7197984B18D = {
			isa = PBXFileReference;
			lastKnownFileType = wrapper.framework;
			name = CoreMIDI.framework;
			path = System/Library/Frameworks/CoreMIDI.framework;
			sourceTree = SDKROOT;
		};
		25A8577FF5180B8D5193D3A8 = {
			isa = PBXFileReference;
			lastKnownFileType = wrapper.framework;
			name = AudioUnit.framework;
			path = System/Library/Frameworks/AudioUnit.framework;
			sourceTree = SDKROOT;
		};
		275AB3375349921C1EF44F6E = {
			isa = PBXFileReference;
			lastKnownFileType = sourcecode.cpp.objcpp;
			name = "include_juce_graphics.mm";
			path = "../../JuceLibraryCode/include_juce_graphics.mm";
			sourceTree = "SOURCE_ROOT";
		};
		2AF4B6FCD13125C3F33595DA = {
			isa = PBXFileReference;
			lastKnownFileType = sourcecode.c.h;
			name = PluginProcessor.h;
			path = ../../Source/PluginProcessor.h;
			sourceTree = "SOURCE_ROOT";
		};
		2DEA6AAE409F453B79AFB5B3 = {
			isa = PBXFileReference;
			lastKnownFileType = file;
			name = "juce_audio_basics";
			path = "~/JUCE/modules/juce_audio_basics";
			sourceTree = "<absolute>";
		};
		31C98AC147DA461B64AF9A58 = {
			isa = PBXFileReference;
			lastKnownFileType = wrapper.framework;
			name = Cocoa.framework;
			path = System/Library/Frameworks/Cocoa.framework;
			sourceTree = SDKROOT;
		};
		34F5197E6A1C231A8F92193C = {
			isa = PBXFileReference;
			lastKnownFileType = sourcecode.cpp.cpp;
			name = PluginEditor.cpp;
			path = ../../Source/PluginEditor.cpp;
			sourceTree = "SOURCE_ROOT";
		};
		3D67A9F9B311C90510BE8235 = {
			isa = PBXFileReference;
			lastKnownFileType = sourcecode.cpp.objcpp;
			name = "include_juce_gui_basics.mm";
			path = "../../JuceLibraryCode/include_juce_gui_basics.mm";
			sourceTree = "SOURCE_ROOT";
		};
		43BF4BFDC7E8635E321E5ABA = {
			isa = PBXFileReference;
			lastKnownFileType = file;
			name = "juce_audio_plugin_client";
			path = "~/JUCE/modules/juce_audio_plugin_client";
			sourceTree = "<absolute>";
		};
		44AE87E741B3E800690C03E8 = {
			isa = PBXFileReference;
			explicitFileType = wrapper.cfbundle;
			includeInIndex = 0;
			path = "Hard Clipper.vst3";
			sourceTree = "BUILT_PRODUCTS_DIR";
		};
		46C33B4264EE0C0212FF8843 = {
			isa = PBXFileReference;
			lastKnownFileType = sourcecode.cpp.objcpp;
			name = "include_juce_audio_basics.mm";
			path = "../../JuceLibraryCode/include_juce_audio_basics.mm";
			sourceTree = "SOURCE_ROOT";
		};
		47F0C456ABC00F8918576FB5 = {
			isa = PBXFileReference;
			lastKnownFileType = file;
			name = "juce_data_structures";
			path = "~/JUCE/modules/juce_data_structures";
			sourceTree = "<absolute>";
		};
		5312CE617AD86027C72FC88F = {
			isa = PBXFileReference;
			lastKnownFileType = file;
			name = "juce_events";
			path = "~/JUCE/modules/juce_events";
			sourceTree = "<absolute>";
		};
		570BF6FAE24933FFD34484DE = {
			isa = PBXFileReference;
			lastKnownFileType = sourcecode.cpp.cpp;
			name = "include_juce_audio_plugin_client_utils.cpp";
			path = "../../JuceLibraryCode/include_juce_audio_plugin_client_utils.cpp";
			sourceTree = "SOURCE_ROOT";
		};
		5AD5F49DF553691495A12D1D = {
			isa = PBXFileReference;
			lastKnownFileType = wrapper.framework;
			name = AudioToolbox.framework;
			path = System/Library/Frameworks/AudioToolbox.framework;
			sourceTree = SDKROOT;
		};
		69933B30387A22630CCD30A3 = {
			isa = PBXFileReference;
			lastKnownFileType = sourcecode.c.h;
			name = JuceHeader.h;
			path = ../../JuceLibraryCode/JuceHeader.h;
			sourceTree = "SOURCE_ROOT";
		};
		6C30F0654551E24CF29A4471 = {
			isa = PBXFileReference;
			lastKnownFileType = wrapper.framework;
			name = CoreAudioKit.framework;
			path = System/Library/Frameworks/CoreAudioKit.framework;
			sourceTree = SDKROOT;
		};
		6E892BB1F39C3CCCC63CD935 = {
			isa = PBXFileReference;
			lastKnownFileType = sourcecode.cpp.objcpp;
			name = "include_juce_audio_formats.mm";
			path = "../../JuceLibraryCode/include_juce_audio_formats.mm";
			sourceTree = "SOURCE_ROOT";
		};
		723C4D5B78A337DF06955BF2 = {
			isa = PBXFileReference;
			lastKnownFileType = file;
			name = "juce_gui_basics";
			path = "~/JUCE/modules/juce_gui_basics";
			sourceTree = "<absolute>";
		};
		736F245E759B01DFEAD03258 = {
			isa = PBXFileReference;
			lastKnownFileType = file;
			name = "juce_audio_utils";
			path = "~/JUCE/modules/juce_audio_utils";
			sourceTree = "<absolute>";
		};
		7DF9AADC021EFE1B94026C25 = {
			isa = PBXFileReference;
			lastKnownFileType = wrapper.framework;
			name = Accelerate.framework;
			path = System/Library/Frameworks/Accelerate.framework;
			sourceTree = SDKROOT;
		};
		83FD57A07DCBAC4165C8F73E = {
			isa = PBXFileReference;
			lastKnownFileType = sourcecode.cpp.objcpp;
			name = "include_juce_audio_utils.mm";
			path = "../../JuceLibraryCode/include_juce_audio_utils.mm";
			sourceTree = "SOURCE_ROOT";
		};
		8E5642515A70E68A56A1EDA7 = {
			isa = PBXFileReference;
			lastKnownFileType = file.r;
			name = "include_juce_audio_plugin_client_AU.r";
			path = "../../JuceLibraryCode/include_juce_audio_plugin_client_AU.r";
			sourceTree = "SOURCE_ROOT";
		};
		901A07379A211AA12AB772D9 = {
			isa = PBXFileReference;
			lastKnownFileType = wrapper.framework;
			name = WebKit.framework;
			path = System/Library/Frameworks/WebKit.framework;
			sourceTree = SDKROOT;
		};
		98ED989C24F96A0B075B5217 = {
			isa = PBXFileReference;
			lastKnownFileType = sourcecode.cpp.cpp;
			name = "include_juce_audio_plugin_client_Standalone.cpp";
			path = "../../JuceLibraryCode/include_juce_audio_plugin_client_Standalone.cpp";
			sourceTree = "SOURCE_ROOT";
		};
		9A32862A6A4C80EA085B3606 = {
			isa = PBXFileReference;
			lastKnownFileType = sourcecode.cpp.objcpp;
			name = "include_juce_audio_processors.mm";
			path = "../../JuceLibraryCode/include_juce_audio_processors.mm";
			sourceTree = "SOURCE_ROOT";
		};
		9FCC767CB08CF523736C64EB = {
			isa = PBXFileReference;
			lastKnownFileType = sourcecode.cpp.objcpp;
			name = "include_juce_audio_plugin_client_AU_2.mm";
			path = "../../JuceLibraryCode/include_juce_audio_plugin_client_AU_2.mm";
			sourceTree = "SOURCE_ROOT";
		};
		A3A5D57C5FDBFB4DF8F99FF2 = {
			isa = PBXFileReference;
			lastKnownFileType = wrapper.framework;
			name = QuartzCore.framework;
			path = System/Library/Frameworks/QuartzCore.framework;
			sourceTree = SDKROOT;
		};
		AA65A66F7BE8109C2F8ABD7E = {
			isa = PBXFileReference;
			lastKnownFileType = wrapper.framework;
			name = Foundation.framework;
			path = System/Library/Frameworks/Foundation.framework;
			sourceTree = SDKROOT;
		};
		ABD62B72F67C7652828BE6B3 = {
			isa = PBXFileReference;
			lastKnownFileType = wrapper.framework;
			name = CoreAudio.framework;
			path = System/Library/Frameworks/CoreAudio.framework;
			sourceTree = SDKROOT;
		};
		B53902FE70558C5FDFB1A2E7 = {
			isa = PBXFileReference;
			lastKnownFileType = text.plist.xml;
			name = "Info-Standalone_Plugin.plist";
			path = "Info-Standalone_Plugin.plist";
			sourceTree = "SOURCE_ROOT";
		};
		B8E084A0148549E61F38F731 = {
			isa = PBXFileReference;
			lastKnownFileType = sourcecode.cpp.objcpp;
			name = "include_juce_gui_extra.mm";
			path = "../../JuceLibraryCode/include_juce_gui_extra.mm";
			sourceTree = "SOURCE_ROOT";
		};
		B997141744A2870373FAE8F4 = {
			isa = PBXFileReference;
			lastKnownFileType = file;
			name = "juce_audio_devices";
			path = "~/JUCE/modules/juce_audio_devices";
			sourceTree = "<absolute>";
		};
		B9CE020CF392D5F624CFA0AE = {
			isa = PBXFileReference;
			lastKnownFileType = sourcecode.cpp.objcpp;
			name = "include_juce_audio_plugin_client_VST_utils.mm";
			path = "../../JuceLibraryCode/include_juce_audio_plugin_client_VST_utils.mm";
			sourceTree = "SOURCE_ROOT";
		};
		BABE25E6B1726A769A141BBB = {
			isa = PBXFileReference;
			lastKnownFileType = sourcecode.cpp.objcpp;
			name = "include_juce_data_structures.mm";
			path = "../../JuceLibraryCode/include_juce_data_structures.mm";
			sourceTree = "SOURCE_ROOT";
		};
		BE5C60752CEE355C172D179D = {
			isa = PBXFileReference;
			lastKnownFileType = wrapper.framework;
			name = DiscRecording.framework;
			path = System/Library/Frameworks/DiscRecording.framework;
			sourceTree = SDKROOT;
		};
		C4A3BDD682726E86F686D9B7 = {
			isa = PBXFileReference;
			lastKnownFileType = sourcecode.cpp.objcpp;
			name = "include_juce_core.mm";
			path = "../../JuceLibraryCode/include_juce_core.mm";
			sourceTree = "SOURCE_ROOT";
		};
		C570C1A366173B9CBCC6D1B8 = {
			isa = PBXFileReference;
			lastKnownFileType = sourcecode.cpp.cpp;
			name = "include_juce_audio_plugin_client_VST3.cpp";
			path = "../../JuceLibraryCode/include_juce_audio_plugin_client_VST3.cpp";
			sourceTree = "SOURCE_ROOT";
		};
		C7D47AE06A06E814D6597B5B = {
			isa = PBXFileReference;
			lastKnownFileType = wrapper.framework;
			name = Carbon.framework;
			path = System/Library/Frameworks/Carbon.framework;
			sourceTree = SDKROOT;
		};
		F00524EB7DEFAD8795699575 = {
			isa = PBXFileReference;
			explicitFileType = wrapper.cfbundle;
			includeInIndex = 0;
			path = "Hard Clipper.component";
			sourceTree = "BUILT_PRODUCTS_DIR";
		};
		C7DEDCE7B261A161F74F9939 = {
			isa = PBXFileReference;
			explicitFileType = wrapper.application;
			includeInIndex = 0;
			path = "Hard Clipper.app";
			sourceTree = "BUILT_PRODUCTS_DIR";
		};
		5A38C4CA623FFA9E450DAC0D = {
			isa = PBXFileReference;
			explicitFileType = archive.ar;
			includeInIndex = 0;
			path = "libHard Clipper.a";
			sourceTree = "BUILT_PRODUCTS_DIR";
		};
		CD07E78731ADFCE75002C802 = {
			isa = PBXFileReference;
			lastKnownFileType = sourcecode.c.h;
			name = PluginEditor.h;
			path = ../../Source/PluginEditor.h;
			sourceTree = "SOURCE_ROOT";
		};
		E475C0783A82AD0CD2479D8B = {
			isa = PBXFileReference;
			lastKnownFileType = wrapper.framework;
			name = IOKit.framework;
			path = System/Library/Frameworks/IOKit.framework;
			sourceTree = SDKROOT;
		};
		E4C28069921A0ADE8D30F0F7 = {
			isa = PBXFileReference;
			lastKnownFileType = sourcecode.cpp.objcpp;
			name = "include_juce_audio_plugin_client_AU_1.mm";
			path = "../../JuceLibraryCode/include_juce_audio_plugin_client_AU_1.mm";
			sourceTree = "SOURCE_ROOT";
		};
		E4FFD808EFFE4454F976E95A = {
			isa = PBXFileReference;
			lastKnownFileType = file;
			name = "juce_gui_extra";
			path = "~/JUCE/modules/juce_gui_extra";
			sourceTree = "<absolute>";
		};
		E6E4071308F8020AE5130EC6 = {
			isa = PBXFileReference;
			lastKnownFileType = file;
			name = "juce_graphics";
			path = "~/JUCE/modules/juce_graphics";
			sourceTree = "<absolute>";
		};
		E82A22BD215436A8E43BBB10 = {
			isa = PBXFileReference;
			lastKnownFileType = sourcecode.cpp.objcpp;
			name = "include_juce_events.mm";
			path = "../../JuceLibraryCode/include_juce_events.mm";
			sourceTree = "SOURCE_ROOT";
		};
		F328B65EB8DB9A29C4A7C2C0 = {
			isa = PBXFileReference;
			lastKnownFileType = sourcecode.cpp.objcpp;
			name = "include_juce_audio_devices.mm";
			path = "../../JuceLibraryCode/include_juce_audio_devices.mm";
			sourceTree = "SOURCE_ROOT";
		};
		F536F367A94ACB75B0E29502 = {
			isa = PBXFileReference;
			lastKnownFileType = text.plist.xml;
			name = "Info-AU.plist";
			path = "Info-AU.plist";
			sourceTree = "SOURCE_ROOT";
		};
		28BC1F09B0A217CDF37B8E2E = {
			isa = PBXGroup;
			children = (
				1B7A790885E3F3CC542CD419,
				2AF4B6FCD13125C3F33595DA,
				34F5197E6A1C231A8F92193C,
				CD07E78731ADFCE75002C802,
			);
			name = Source;
			sourceTree = "<group>";
		};
		37AAAE31C7372E5F02C823FC = {
			isa = PBXGroup;
			children = (
				28BC1F09B0A217CDF37B8E2E,
			);
			name = "Hard Clipper";
			sourceTree = "<group>";
		};
		74865242988D0AD5C7B96A8F = {
			isa = PBXGroup;
			children = (
				2DEA6AAE409F453B79AFB5B3,
				B997141744A2870373FAE8F4,
				0160FC92D20187C507038DDB,
				43BF4BFDC7E8635E321E5ABA,
				13E220C5731E870981745A91,
				736F245E759B01DFEAD03258,
				1847685D2E0CEDFE40DD443D,
				47F0C456ABC00F8918576FB5,
				5312CE617AD86027C72FC88F,
				E6E4071308F8020AE5130EC6,
				723C4D5B78A337DF06955BF2,
				E4FFD808EFFE4454F976E95A,
			);
			name = "JUCE Modules";
			sourceTree = "<group>";
		};
		B364D0D67007DC2D185B9940 = {
			isa = PBXGroup;
			children = (
				46C33B4264EE0C0212FF8843,
				F328B65EB8DB9A29C4A7C2C0,
				6E892BB1F39C3CCCC63CD935,
				8E5642515A70E68A56A1EDA7,
				E4C28069921A0ADE8D30F0F7,
				9FCC767CB08CF523736C64EB,
				98ED989C24F96A0B075B5217,
				570BF6FAE24933FFD34484DE,
				B9CE020CF392D5F624CFA0AE,
				C570C1A366173B9CBCC6D1B8,
				9A32862A6A4C80EA085B3606,
				83FD57A07DCBAC4165C8F73E,
				C4A3BDD682726E86F686D9B7,
				BABE25E6B1726A769A141BBB,
				E82A22BD215436A8E43BBB10,
				275AB3375349921C1EF44F6E,
				3D67A9F9B311C90510BE8235,
				B8E084A0148549E61F38F731,
				69933B30387A22630CCD30A3,
				1FF330F8819D844B3222540B,
			);
			name = "JUCE Library Code";
			sourceTree = "<group>";
		};
		B487B1093E1E7AB29C059300 = {
			isa = PBXGroup;
			children = (
				16068DCA7E400BF01FC0AFCA,
				F536F367A94ACB75B0E29502,
				B53902FE70558C5FDFB1A2E7,
				0BCF5111AE9EF5AC03DE357D,
			);
			name = Resources;
			sourceTree = "<group>";
		};
		6EC619095456F554D2E42E9F = {
			isa = PBXGroup;
			children = (
				25A8577FF5180B8D5193D3A8,
				7DF9AADC021EFE1B94026C25,
				5AD5F49DF553691495A12D1D,
				C7D47AE06A06E814D6597B5B,
				31C98AC147DA461B64AF9A58,
				ABD62B72F67C7652828BE6B3,
				6C30F0654551E24CF29A4471,
				22FC8C6533D6A7197984B18D,
				BE5C60752CEE355C172D179D,
				AA65A66F7BE8109C2F8ABD7E,
				E475C0783A82AD0CD2479D8B,
				A3A5D57C5FDBFB4DF8F99FF2,
				901A07379A211AA12AB772D9,
			);
			name = Frameworks;
			sourceTree = "<group>";
		};
		3B4AFE2BCC84B040A9698400 = {
			isa = PBXGroup;
			children = (
				44AE87E741B3E800690C03E8,
				F00524EB7DEFAD8795699575,
				C7DEDCE7B261A161F74F9939,
				5A38C4CA623FFA9E450DAC0D,
			);
			name = Products;
			sourceTree = "<group>";
		};
		8FE18D62107E10B137DA8E7A = {
			isa = PBXGroup;
			children = (
				37AAAE31C7372E5F02C823FC,
				74865242988D0AD5C7B96A8F,
				B364D0D67007DC2D185B9940,
				B487B1093E1E7AB29C059300,
				6EC619095456F554D2E42E9F,
				3B4AFE2BCC84B040A9698400,
			);
			name = Source;
			sourceTree = "<group>";
		};
		2F7CEA61263CF964258EE2E9 = {
			isa = PBXTargetDependency;
			target = DC01608F29F76E85E9065AD3;
		};
		63969F44B89AFAFD788CA9DD = {
			isa = PBXTargetDependency;
			target = 95CA73A2BEF712DBBDFAD25F;
		};
		DCF09579D0E62C7D2CE4A9C7 = {
			isa = PBXTargetDependency;
			target = 5FF04655EC9752FEDCC28F4A;
		};
		D843F9C7CF847763FA78600A = {
			isa = PBXTargetDependency;
			target = 30B9A1A1C72F92AC7972EBAD;
		};
		0598607C0C17C4004EBF6470 = {
			isa = PBXTargetDependency;
			target = 30B9A1A1C72F92AC7972EBAD;
		};
		8800F3457C38E6BF2AD75F1D = {
			isa = PBXTargetDependency;
			target = 30B9A1A1C72F92AC7972EBAD;
		};
		9651280DF8515446E83AACEE = {
			isa = PBXTargetDependency;
			target = 30B9A1A1C72F92AC7972EBAD;
		};
		CB43174C9358E4913B459D7C = {
			isa = XCBuildConfiguration;
			buildSettings = {
				MACOSX_DEPLOYMENT_TARGET = 10.11;
				SDKROOT = macosx;
			};
			name = Debug;
		};
		6B5BF9EE27D04D789CC293FD = {
			isa = XCBuildConfiguration;
			buildSettings = {
				MACOSX_DEPLOYMENT_TARGET = 10.11;
				SDKROOT = macosx;
			};
			name = Release;
		};
		C76D71E71654C086C38588C9 = {
			isa = XCBuildConfiguration;
			buildSettings = {
				CLANG_CXX_LANGUAGE_STANDARD = "c++14";
				CLANG_CXX_LIBRARY = "libc++";
				CLANG_LINK_OBJC_RUNTIME = NO;
				CODE_SIGN_IDENTITY = "";
				COMBINE_HIDPI_IMAGES = YES;
				CONFIGURATION_BUILD_DIR = "$(PROJECT_DIR)/build/$(CONFIGURATION)";
				COPY_PHASE_STRIP = NO;
				DEPLOYMENT_LOCATION = YES;
				DSTROOT = /;
				GCC_DYNAMIC_NO_PIC = NO;
				GCC_OPTIMIZATION_LEVEL = 0;
				GCC_PREPROCESSOR_DEFINITIONS = (
					"_DEBUG=1",
					"DEBUG=1",
					"JUCE_DISPLAY_SPLASH_SCREEN=1",
					"JUCE_USE_DARK_SPLASH_SCREEN=1",
					"JUCE_PROJUCER_VERSION=0x60005",
					"JUCE_MODULE_AVAILABLE_juce_audio_basics=1",
					"JUCE_MODULE_AVAILABLE_juce_audio_devices=1",
					"JUCE_MODULE_AVAILABLE_juce_audio_formats=1",
					"JUCE_MODULE_AVAILABLE_juce_audio_plugin_client=1",
					"JUCE_MODULE_AVAILABLE_juce_audio_processors=1",
					"JUCE_MODULE_AVAILABLE_juce_audio_utils=1",
					"JUCE_MODULE_AVAILABLE_juce_core=1",
					"JUCE_MODULE_AVAILABLE_juce_data_structures=1",
					"JUCE_MODULE_AVAILABLE_juce_events=1",
					"JUCE_MODULE_AVAILABLE_juce_graphics=1",
					"JUCE_MODULE_AVAILABLE_juce_gui_basics=1",
					"JUCE_MODULE_AVAILABLE_juce_gui_extra=1",
					"JUCE_GLOBAL_MODULE_SETTINGS_INCLUDED=1",
					"JUCE_VST3_CAN_REPLACE_VST2=0",
					"JUCE_STRICT_REFCOUNTEDPOINTER=1",
					"JucePlugin_Build_VST=0",
					"JucePlugin_Build_VST3=1",
					"JucePlugin_Build_AU=0",
					"JucePlugin_Build_AUv3=0",
					"JucePlugin_Build_RTAS=0",
					"JucePlugin_Build_AAX=0",
					"JucePlugin_Build_Standalone=0",
					"JucePlugin_Build_Unity=0",
					"JucePlugin_Enable_IAA=0",
					"JucePlugin_Name=\\\"Hard\\ Clipper\\\"",
					"JucePlugin_Desc=\\\"Hard\\ Clipper\\\"",
					"JucePlugin_Manufacturer=\\\"Family\\ Time\\\"",
					"JucePlugin_ManufacturerWebsite=\\\"\\\"",
					"JucePlugin_ManufacturerEmail=\\\"\\\"",
					"JucePlugin_ManufacturerCode=0x4d616e75",
					"JucePlugin_PluginCode=0x4369666a",
					"JucePlugin_IsSynth=0",
					"JucePlugin_WantsMidiInput=0",
					"JucePlugin_ProducesMidiOutput=0",
					"JucePlugin_IsMidiEffect=0",
					"JucePlugin_EditorRequiresKeyboardFocus=0",
					"JucePlugin_Version=1.0.0",
					"JucePlugin_VersionCode=0x10000",
					"JucePlugin_VersionString=\\\"1.0.0\\\"",
					"JucePlugin_VSTUniqueID=JucePlugin_PluginCode",
					"JucePlugin_VSTCategory=kPlugCategEffect",
					"JucePlugin_Vst3Category=\\\"Fx\\\"",
					"JucePlugin_AUMainType='aufx'",
					"JucePlugin_AUSubType=JucePlugin_PluginCode",
					"JucePlugin_AUExportPrefix=HardClipperAU",
					"JucePlugin_AUExportPrefixQuoted=\\\"HardClipperAU\\\"",
					"JucePlugin_AUManufacturerCode=JucePlugin_ManufacturerCode",
					"JucePlugin_CFBundleIdentifier=com.FamilyTime.HardClipper",
					"JucePlugin_RTASCategory=0",
					"JucePlugin_RTASManufacturerCode=JucePlugin_ManufacturerCode",
					"JucePlugin_RTASProductId=JucePlugin_PluginCode",
					"JucePlugin_RTASDisableBypass=0",
					"JucePlugin_RTASDisableMultiMono=0",
					"JucePlugin_AAXIdentifier=com.FamilyTime.HardClipper",
					"JucePlugin_AAXManufacturerCode=JucePlugin_ManufacturerCode",
					"JucePlugin_AAXProductId=JucePlugin_PluginCode",
					"JucePlugin_AAXCategory=0",
					"JucePlugin_AAXDisableBypass=0",
					"JucePlugin_AAXDisableMultiMono=0",
					"JucePlugin_IAAType=0x61757278",
					"JucePlugin_IAASubType=JucePlugin_PluginCode",
					"JucePlugin_IAAName=\\\"Family\\ Time:\\ Hard\\ Clipper\\\"",
					"JucePlugin_VSTNumMidiInputs=16",
					"JucePlugin_VSTNumMidiOutputs=16",
					"JUCE_STANDALONE_APPLICATION=JucePlugin_Build_Standalone",
					"JUCER_XCODE_MAC_F6D2F4CF=1",
					"JUCE_APP_VERSION=1.0.0",
					"JUCE_APP_VERSION_HEX=0x10000",
				);
				GCC_VERSION = com.apple.compilers.llvm.clang.1_0;
				GENERATE_PKGINFO_FILE = YES;
				HEADER_SEARCH_PATHS = (
					"$(HOME)/JUCE/modules/juce_audio_processors/format_types/VST3_SDK",
					"../../JuceLibraryCode",
					"$(HOME)/JUCE/modules",
					"$(HOME)/JUCE/modules/juce_audio_plugin_client",
					"$(inherited)",
				);
				INFOPLIST_FILE = Info-VST3.plist;
				INFOPLIST_PREPROCESS = NO;
				INSTALL_PATH = "$(HOME)/Library/Audio/Plug-Ins/VST3/";
				LIBRARY_STYLE = Bundle;
				MACOSX_DEPLOYMENT_TARGET = 10.11;
				MTL_HEADER_SEARCH_PATHS = (
					"$(HOME)/JUCE/modules/juce_audio_processors/format_types/VST3_SDK",
					"../../JuceLibraryCode",
					"$(HOME)/JUCE/modules",
					"$(HOME)/JUCE/modules/juce_audio_plugin_client",
				);
				OTHER_LDFLAGS = "-bundle -lHard\\ Clipper";
				PRODUCT_BUNDLE_IDENTIFIER = com.FamilyTime.HardClipper;
				PRODUCT_NAME = "Hard Clipper";
				USE_HEADERMAP = NO;
				VALID_ARCHS = "i386 x86_64 arm64 arm64e";
				WRAPPER_EXTENSION = vst3;
			};
			name = Debug;
		};
		31E29E80959CB7D05F4F6908 = {
			isa = XCBuildConfiguration;
			buildSettings = {
				CLANG_CXX_LANGUAGE_STANDARD = "c++14";
				CLANG_CXX_LIBRARY = "libc++";
				CLANG_LINK_OBJC_RUNTIME = NO;
				CODE_SIGN_IDENTITY = "";
				COMBINE_HIDPI_IMAGES = YES;
				CONFIGURATION_BUILD_DIR = "$(PROJECT_DIR)/build/$(CONFIGURATION)";
				DEAD_CODE_STRIPPING = YES;
				DEPLOYMENT_LOCATION = YES;
				DSTROOT = /;
				GCC_GENERATE_DEBUGGING_SYMBOLS = NO;
				GCC_OPTIMIZATION_LEVEL = 3;
				GCC_PREPROCESSOR_DEFINITIONS = (
					"_NDEBUG=1",
					"NDEBUG=1",
					"JUCE_DISPLAY_SPLASH_SCREEN=1",
					"JUCE_USE_DARK_SPLASH_SCREEN=1",
					"JUCE_PROJUCER_VERSION=0x60005",
					"JUCE_MODULE_AVAILABLE_juce_audio_basics=1",
					"JUCE_MODULE_AVAILABLE_juce_audio_devices=1",
					"JUCE_MODULE_AVAILABLE_juce_audio_formats=1",
					"JUCE_MODULE_AVAILABLE_juce_audio_plugin_client=1",
					"JUCE_MODULE_AVAILABLE_juce_audio_processors=1",
					"JUCE_MODULE_AVAILABLE_juce_audio_utils=1",
					"JUCE_MODULE_AVAILABLE_juce_core=1",
					"JUCE_MODULE_AVAILABLE_juce_data_structures=1",
					"JUCE_MODULE_AVAILABLE_juce_events=1",
					"JUCE_MODULE_AVAILABLE_juce_graphics=1",
					"JUCE_MODULE_AVAILABLE_juce_gui_basics=1",
					"JUCE_MODULE_AVAILABLE_juce_gui_extra=1",
					"JUCE_GLOBAL_MODULE_SETTINGS_INCLUDED=1",
					"JUCE_VST3_CAN_REPLACE_VST2=0",
					"JUCE_STRICT_REFCOUNTEDPOINTER=1",
					"JucePlugin_Build_VST=0",
					"JucePlugin_Build_VST3=1",
					"JucePlugin_Build_AU=0",
					"JucePlugin_Build_AUv3=0",
					"JucePlugin_Build_RTAS=0",
					"JucePlugin_Build_AAX=0",
					"JucePlugin_Build_Standalone=0",
					"JucePlugin_Build_Unity=0",
					"JucePlugin_Enable_IAA=0",
					"JucePlugin_Name=\\\"Hard\\ Clipper\\\"",
					"JucePlugin_Desc=\\\"Hard\\ Clipper\\\"",
					"JucePlugin_Manufacturer=\\\"Family\\ Time\\\"",
					"JucePlugin_ManufacturerWebsite=\\\"\\\"",
					"JucePlugin_ManufacturerEmail=\\\"\\\"",
					"JucePlugin_ManufacturerCode=0x4d616e75",
					"JucePlugin_PluginCode=0x4369666a",
					"JucePlugin_IsSynth=0",
					"JucePlugin_WantsMidiInput=0",
					"JucePlugin_ProducesMidiOutput=0",
					"JucePlugin_IsMidiEffect=0",
					"JucePlugin_EditorRequiresKeyboardFocus=0",
					"JucePlugin_Version=1.0.0",
					"JucePlugin_VersionCode=0x10000",
					"JucePlugin_VersionString=\\\"1.0.0\\\"",
					"JucePlugin_VSTUniqueID=JucePlugin_PluginCode",
					"JucePlugin_VSTCategory=kPlugCategEffect",
					"JucePlugin_Vst3Category=\\\"Fx\\\"",
					"JucePlugin_AUMainType='aufx'",
					"JucePlugin_AUSubType=JucePlugin_PluginCode",
					"JucePlugin_AUExportPrefix=HardClipperAU",
					"JucePlugin_AUExportPrefixQuoted=\\\"HardClipperAU\\\"",
					"JucePlugin_AUManufacturerCode=JucePlugin_ManufacturerCode",
					"JucePlugin_CFBundleIdentifier=com.FamilyTime.HardClipper",
					"JucePlugin_RTASCategory=0",
					"JucePlugin_RTASManufacturerCode=JucePlugin_ManufacturerCode",
					"JucePlugin_RTASProductId=JucePlugin_PluginCode",
					"JucePlugin_RTASDisableBypass=0",
					"JucePlugin_RTASDisableMultiMono=0",
					"JucePlugin_AAXIdentifier=com.FamilyTime.HardClipper",
					"JucePlugin_AAXManufacturerCode=JucePlugin_ManufacturerCode",
					"JucePlugin_AAXProductId=JucePlugin_PluginCode",
					"JucePlugin_AAXCategory=0",
					"JucePlugin_AAXDisableBypass=0",
					"JucePlugin_AAXDisableMultiMono=0",
					"JucePlugin_IAAType=0x61757278",
					"JucePlugin_IAASubType=JucePlugin_PluginCode",
					"JucePlugin_IAAName=\\\"Family\\ Time:\\ Hard\\ Clipper\\\"",
					"JucePlugin_VSTNumMidiInputs=16",
					"JucePlugin_VSTNumMidiOutputs=16",
					"JUCE_STANDALONE_APPLICATION=JucePlugin_Build_Standalone",
					"JUCER_XCODE_MAC_F6D2F4CF=1",
					"JUCE_APP_VERSION=1.0.0",
					"JUCE_APP_VERSION_HEX=0x10000",
				);
				GCC_VERSION = com.apple.compilers.llvm.clang.1_0;
				GENERATE_PKGINFO_FILE = YES;
				HEADER_SEARCH_PATHS = (
					"$(HOME)/JUCE/modules/juce_audio_processors/format_types/VST3_SDK",
					"../../JuceLibraryCode",
					"$(HOME)/JUCE/modules",
					"$(HOME)/JUCE/modules/juce_audio_plugin_client",
					"$(inherited)",
				);
				INFOPLIST_FILE = Info-VST3.plist;
				INFOPLIST_PREPROCESS = NO;
				INSTALL_PATH = "$(HOME)/Library/Audio/Plug-Ins/VST3/";
				LIBRARY_STYLE = Bundle;
				LLVM_LTO = YES;
				MACOSX_DEPLOYMENT_TARGET = 10.11;
				MTL_HEADER_SEARCH_PATHS = (
					"$(HOME)/JUCE/modules/juce_audio_processors/format_types/VST3_SDK",
					"../../JuceLibraryCode",
					"$(HOME)/JUCE/modules",
					"$(HOME)/JUCE/modules/juce_audio_plugin_client",
				);
				OTHER_LDFLAGS = "-bundle -lHard\\ Clipper";
				PRODUCT_BUNDLE_IDENTIFIER = com.FamilyTime.HardClipper;
				PRODUCT_NAME = "Hard Clipper";
				USE_HEADERMAP = NO;
				VALID_ARCHS = "i386 x86_64 arm64 arm64e";
				WRAPPER_EXTENSION = vst3;
			};
			name = Release;
		};
		A8F86EC2FE74C9EB11D0591C = {
			isa = XCBuildConfiguration;
			buildSettings = {
				CLANG_CXX_LANGUAGE_STANDARD = "c++14";
				CLANG_CXX_LIBRARY = "libc++";
				CLANG_LINK_OBJC_RUNTIME = NO;
				CODE_SIGN_IDENTITY = "";
				COMBINE_HIDPI_IMAGES = YES;
				CONFIGURATION_BUILD_DIR = "$(PROJECT_DIR)/build/$(CONFIGURATION)";
				COPY_PHASE_STRIP = NO;
				DEPLOYMENT_LOCATION = YES;
				DSTROOT = /;
				GCC_DYNAMIC_NO_PIC = NO;
				GCC_OPTIMIZATION_LEVEL = 0;
				GCC_PREPROCESSOR_DEFINITIONS = (
					"_DEBUG=1",
					"DEBUG=1",
					"JUCE_DISPLAY_SPLASH_SCREEN=1",
					"JUCE_USE_DARK_SPLASH_SCREEN=1",
					"JUCE_PROJUCER_VERSION=0x60005",
					"JUCE_MODULE_AVAILABLE_juce_audio_basics=1",
					"JUCE_MODULE_AVAILABLE_juce_audio_devices=1",
					"JUCE_MODULE_AVAILABLE_juce_audio_formats=1",
					"JUCE_MODULE_AVAILABLE_juce_audio_plugin_client=1",
					"JUCE_MODULE_AVAILABLE_juce_audio_processors=1",
					"JUCE_MODULE_AVAILABLE_juce_audio_utils=1",
					"JUCE_MODULE_AVAILABLE_juce_core=1",
					"JUCE_MODULE_AVAILABLE_juce_data_structures=1",
					"JUCE_MODULE_AVAILABLE_juce_events=1",
					"JUCE_MODULE_AVAILABLE_juce_graphics=1",
					"JUCE_MODULE_AVAILABLE_juce_gui_basics=1",
					"JUCE_MODULE_AVAILABLE_juce_gui_extra=1",
					"JUCE_GLOBAL_MODULE_SETTINGS_INCLUDED=1",
					"JUCE_VST3_CAN_REPLACE_VST2=0",
					"JUCE_STRICT_REFCOUNTEDPOINTER=1",
					"JucePlugin_Build_VST=0",
					"JucePlugin_Build_VST3=0",
					"JucePlugin_Build_AU=1",
					"JucePlugin_Build_AUv3=0",
					"JucePlugin_Build_RTAS=0",
					"JucePlugin_Build_AAX=0",
					"JucePlugin_Build_Standalone=0",
					"JucePlugin_Build_Unity=0",
					"JucePlugin_Enable_IAA=0",
					"JucePlugin_Name=\\\"Hard\\ Clipper\\\"",
					"JucePlugin_Desc=\\\"Hard\\ Clipper\\\"",
					"JucePlugin_Manufacturer=\\\"Family\\ Time\\\"",
					"JucePlugin_ManufacturerWebsite=\\\"\\\"",
					"JucePlugin_ManufacturerEmail=\\\"\\\"",
					"JucePlugin_ManufacturerCode=0x4d616e75",
					"JucePlugin_PluginCode=0x4369666a",
					"JucePlugin_IsSynth=0",
					"JucePlugin_WantsMidiInput=0",
					"JucePlugin_ProducesMidiOutput=0",
					"JucePlugin_IsMidiEffect=0",
					"JucePlugin_EditorRequiresKeyboardFocus=0",
					"JucePlugin_Version=1.0.0",
					"JucePlugin_VersionCode=0x10000",
					"JucePlugin_VersionString=\\\"1.0.0\\\"",
					"JucePlugin_VSTUniqueID=JucePlugin_PluginCode",
					"JucePlugin_VSTCategory=kPlugCategEffect",
					"JucePlugin_Vst3Category=\\\"Fx\\\"",
					"JucePlugin_AUMainType='aufx'",
					"JucePlugin_AUSubType=JucePlugin_PluginCode",
					"JucePlugin_AUExportPrefix=HardClipperAU",
					"JucePlugin_AUExportPrefixQuoted=\\\"HardClipperAU\\\"",
					"JucePlugin_AUManufacturerCode=JucePlugin_ManufacturerCode",
					"JucePlugin_CFBundleIdentifier=com.FamilyTime.HardClipper",
					"JucePlugin_RTASCategory=0",
					"JucePlugin_RTASManufacturerCode=JucePlugin_ManufacturerCode",
					"JucePlugin_RTASProductId=JucePlugin_PluginCode",
					"JucePlugin_RTASDisableBypass=0",
					"JucePlugin_RTASDisableMultiMono=0",
					"JucePlugin_AAXIdentifier=com.FamilyTime.HardClipper",
					"JucePlugin_AAXManufacturerCode=JucePlugin_ManufacturerCode",
					"JucePlugin_AAXProductId=JucePlugin_PluginCode",
					"JucePlugin_AAXCategory=0",
					"JucePlugin_AAXDisableBypass=0",
					"JucePlugin_AAXDisableMultiMono=0",
					"JucePlugin_IAAType=0x61757278",
					"JucePlugin_IAASubType=JucePlugin_PluginCode",
					"JucePlugin_IAAName=\\\"Family\\ Time:\\ Hard\\ Clipper\\\"",
					"JucePlugin_VSTNumMidiInputs=16",
					"JucePlugin_VSTNumMidiOutputs=16",
					"JUCE_STANDALONE_APPLICATION=JucePlugin_Build_Standalone",
					"JUCER_XCODE_MAC_F6D2F4CF=1",
					"JUCE_APP_VERSION=1.0.0",
					"JUCE_APP_VERSION_HEX=0x10000",
				);
				GCC_VERSION = com.apple.compilers.llvm.clang.1_0;
				GENERATE_PKGINFO_FILE = YES;
				HEADER_SEARCH_PATHS = (
					"$(HOME)/JUCE/modules/juce_audio_processors/format_types/VST3_SDK",
					"../../JuceLibraryCode",
					"$(HOME)/JUCE/modules",
					"$(HOME)/JUCE/modules/juce_audio_plugin_client",
					"$(inherited)",
				);
				INFOPLIST_FILE = Info-AU.plist;
				INFOPLIST_PREPROCESS = NO;
				INSTALL_PATH = "$(HOME)/Library/Audio/Plug-Ins/Components/";
				LIBRARY_STYLE = Bundle;
				MACOSX_DEPLOYMENT_TARGET = 10.11;
				MTL_HEADER_SEARCH_PATHS = (
					"$(HOME)/JUCE/modules/juce_audio_processors/format_types/VST3_SDK",
					"../../JuceLibraryCode",
					"$(HOME)/JUCE/modules",
					"$(HOME)/JUCE/modules/juce_audio_plugin_client",
				);
				OTHER_LDFLAGS = "-bundle -lHard\\ Clipper";
				OTHER_REZFLAGS = "-d ppc_$ppc -d i386_$i386 -d ppc64_$ppc64 -d x86_64_$x86_64 -I /System/Library/Frameworks/CoreServices.framework/Frameworks/CarbonCore.framework/Versions/A/Headers -I \"$(DEVELOPER_DIR)/Extras/CoreAudio/AudioUnits/AUPublic/AUBase\" -I \"$(DEVELOPER_DIR)/Platforms/MacOSX.platform/Developer/SDKs/MacOSX.sdk/System/Library/Frameworks/AudioUnit.framework/Headers\"";
				PRODUCT_BUNDLE_IDENTIFIER = com.FamilyTime.HardClipper;
				PRODUCT_NAME = "Hard Clipper";
				USE_HEADERMAP = NO;
				VALID_ARCHS = "i386 x86_64 arm64 arm64e";
				WRAPPER_EXTENSION = component;
			};
			name = Debug;
		};
		A1AE7BBEB4CC1B93E924C052 = {
			isa = XCBuildConfiguration;
			buildSettings = {
				CLANG_CXX_LANGUAGE_STANDARD = "c++14";
				CLANG_CXX_LIBRARY = "libc++";
				CLANG_LINK_OBJC_RUNTIME = NO;
				CODE_SIGN_IDENTITY = "";
				COMBINE_HIDPI_IMAGES = YES;
				CONFIGURATION_BUILD_DIR = "$(PROJECT_DIR)/build/$(CONFIGURATION)";
				DEAD_CODE_STRIPPING = YES;
				DEPLOYMENT_LOCATION = YES;
				DSTROOT = /;
				GCC_GENERATE_DEBUGGING_SYMBOLS = NO;
				GCC_OPTIMIZATION_LEVEL = 3;
				GCC_PREPROCESSOR_DEFINITIONS = (
					"_NDEBUG=1",
					"NDEBUG=1",
					"JUCE_DISPLAY_SPLASH_SCREEN=1",
					"JUCE_USE_DARK_SPLASH_SCREEN=1",
					"JUCE_PROJUCER_VERSION=0x60005",
					"JUCE_MODULE_AVAILABLE_juce_audio_basics=1",
					"JUCE_MODULE_AVAILABLE_juce_audio_devices=1",
					"JUCE_MODULE_AVAILABLE_juce_audio_formats=1",
					"JUCE_MODULE_AVAILABLE_juce_audio_plugin_client=1",
					"JUCE_MODULE_AVAILABLE_juce_audio_processors=1",
					"JUCE_MODULE_AVAILABLE_juce_audio_utils=1",
					"JUCE_MODULE_AVAILABLE_juce_core=1",
					"JUCE_MODULE_AVAILABLE_juce_data_structures=1",
					"JUCE_MODULE_AVAILABLE_juce_events=1",
					"JUCE_MODULE_AVAILABLE_juce_graphics=1",
					"JUCE_MODULE_AVAILABLE_juce_gui_basics=1",
					"JUCE_MODULE_AVAILABLE_juce_gui_extra=1",
					"JUCE_GLOBAL_MODULE_SETTINGS_INCLUDED=1",
					"JUCE_VST3_CAN_REPLACE_VST2=0",
					"JUCE_STRICT_REFCOUNTEDPOINTER=1",
					"JucePlugin_Build_VST=0",
					"JucePlugin_Build_VST3=0",
					"JucePlugin_Build_AU=1",
					"JucePlugin_Build_AUv3=0",
					"JucePlugin_Build_RTAS=0",
					"JucePlugin_Build_AAX=0",
					"JucePlugin_Build_Standalone=0",
					"JucePlugin_Build_Unity=0",
					"JucePlugin_Enable_IAA=0",
					"JucePlugin_Name=\\\"Hard\\ Clipper\\\"",
					"JucePlugin_Desc=\\\"Hard\\ Clipper\\\"",
					"JucePlugin_Manufacturer=\\\"Family\\ Time\\\"",
					"JucePlugin_ManufacturerWebsite=\\\"\\\"",
					"JucePlugin_ManufacturerEmail=\\\"\\\"",
					"JucePlugin_ManufacturerCode=0x4d616e75",
					"JucePlugin_PluginCode=0x4369666a",
					"JucePlugin_IsSynth=0",
					"JucePlugin_WantsMidiInput=0",
					"JucePlugin_ProducesMidiOutput=0",
					"JucePlugin_IsMidiEffect=0",
					"JucePlugin_EditorRequiresKeyboardFocus=0",
					"JucePlugin_Version=1.0.0",
					"JucePlugin_VersionCode=0x10000",
					"JucePlugin_VersionString=\\\"1.0.0\\\"",
					"JucePlugin_VSTUniqueID=JucePlugin_PluginCode",
					"JucePlugin_VSTCategory=kPlugCategEffect",
					"JucePlugin_Vst3Category=\\\"Fx\\\"",
					"JucePlugin_AUMainType='aufx'",
					"JucePlugin_AUSubType=JucePlugin_PluginCode",
					"JucePlugin_AUExportPrefix=HardClipperAU",
					"JucePlugin_AUExportPrefixQuoted=\\\"HardClipperAU\\\"",
					"JucePlugin_AUManufacturerCode=JucePlugin_ManufacturerCode",
					"JucePlugin_CFBundleIdentifier=com.FamilyTime.HardClipper",
					"JucePlugin_RTASCategory=0",
					"JucePlugin_RTASManufacturerCode=JucePlugin_ManufacturerCode",
					"JucePlugin_RTASProductId=JucePlugin_PluginCode",
					"JucePlugin_RTASDisableBypass=0",
					"JucePlugin_RTASDisableMultiMono=0",
					"JucePlugin_AAXIdentifier=com.FamilyTime.HardClipper",
					"JucePlugin_AAXManufacturerCode=JucePlugin_ManufacturerCode",
					"JucePlugin_AAXProductId=JucePlugin_PluginCode",
					"JucePlugin_AAXCategory=0",
					"JucePlugin_AAXDisableBypass=0",
					"JucePlugin_AAXDisableMultiMono=0",
					"JucePlugin_IAAType=0x61757278",
					"JucePlugin_IAASubType=JucePlugin_PluginCode",
					"JucePlugin_IAAName=\\\"Family\\ Time:\\ Hard\\ Clipper\\\"",
					"JucePlugin_VSTNumMidiInputs=16",
					"JucePlugin_VSTNumMidiOutputs=16",
					"JUCE_STANDALONE_APPLICATION=JucePlugin_Build_Standalone",
					"JUCER_XCODE_MAC_F6D2F4CF=1",
					"JUCE_APP_VERSION=1.0.0",
					"JUCE_APP_VERSION_HEX=0x10000",
				);
				GCC_VERSION = com.apple.compilers.llvm.clang.1_0;
				GENERATE_PKGINFO_FILE = YES;
				HEADER_SEARCH_PATHS = (
					"$(HOME)/JUCE/modules/juce_audio_processors/format_types/VST3_SDK",
					"../../JuceLibraryCode",
					"$(HOME)/JUCE/modules",
					"$(HOME)/JUCE/modules/juce_audio_plugin_client",
					"$(inherited)",
				);
				INFOPLIST_FILE = Info-AU.plist;
				INFOPLIST_PREPROCESS = NO;
				INSTALL_PATH = "$(HOME)/Library/Audio/Plug-Ins/Components/";
				LIBRARY_STYLE = Bundle;
				LLVM_LTO = YES;
				MACOSX_DEPLOYMENT_TARGET = 10.11;
				MTL_HEADER_SEARCH_PATHS = (
					"$(HOME)/JUCE/modules/juce_audio_processors/format_types/VST3_SDK",
					"../../JuceLibraryCode",
					"$(HOME)/JUCE/modules",
					"$(HOME)/JUCE/modules/juce_audio_plugin_client",
				);
				OTHER_LDFLAGS = "-bundle -lHard\\ Clipper";
				OTHER_REZFLAGS = "-d ppc_$ppc -d i386_$i386 -d ppc64_$ppc64 -d x86_64_$x86_64 -I /System/Library/Frameworks/CoreServices.framework/Frameworks/CarbonCore.framework/Versions/A/Headers -I \"$(DEVELOPER_DIR)/Extras/CoreAudio/AudioUnits/AUPublic/AUBase\" -I \"$(DEVELOPER_DIR)/Platforms/MacOSX.platform/Developer/SDKs/MacOSX.sdk/System/Library/Frameworks/AudioUnit.framework/Headers\"";
				PRODUCT_BUNDLE_IDENTIFIER = com.FamilyTime.HardClipper;
				PRODUCT_NAME = "Hard Clipper";
				USE_HEADERMAP = NO;
				VALID_ARCHS = "i386 x86_64 arm64 arm64e";
				WRAPPER_EXTENSION = component;
			};
			name = Release;
		};
		A95C37584C3F8E5AED3F85CC = {
			isa = XCBuildConfiguration;
			buildSettings = {
				CLANG_CXX_LANGUAGE_STANDARD = "c++14";
				CLANG_CXX_LIBRARY = "libc++";
				CLANG_LINK_OBJC_RUNTIME = NO;
				CODE_SIGN_IDENTITY = "";
				COMBINE_HIDPI_IMAGES = YES;
				CONFIGURATION_BUILD_DIR = "$(PROJECT_DIR)/build/$(CONFIGURATION)";
				COPY_PHASE_STRIP = NO;
				GCC_DYNAMIC_NO_PIC = NO;
				GCC_OPTIMIZATION_LEVEL = 0;
				GCC_PREPROCESSOR_DEFINITIONS = (
					"_DEBUG=1",
					"DEBUG=1",
					"JUCE_DISPLAY_SPLASH_SCREEN=1",
					"JUCE_USE_DARK_SPLASH_SCREEN=1",
					"JUCE_PROJUCER_VERSION=0x60005",
					"JUCE_MODULE_AVAILABLE_juce_audio_basics=1",
					"JUCE_MODULE_AVAILABLE_juce_audio_devices=1",
					"JUCE_MODULE_AVAILABLE_juce_audio_formats=1",
					"JUCE_MODULE_AVAILABLE_juce_audio_plugin_client=1",
					"JUCE_MODULE_AVAILABLE_juce_audio_processors=1",
					"JUCE_MODULE_AVAILABLE_juce_audio_utils=1",
					"JUCE_MODULE_AVAILABLE_juce_core=1",
					"JUCE_MODULE_AVAILABLE_juce_data_structures=1",
					"JUCE_MODULE_AVAILABLE_juce_events=1",
					"JUCE_MODULE_AVAILABLE_juce_graphics=1",
					"JUCE_MODULE_AVAILABLE_juce_gui_basics=1",
					"JUCE_MODULE_AVAILABLE_juce_gui_extra=1",
					"JUCE_GLOBAL_MODULE_SETTINGS_INCLUDED=1",
					"JUCE_VST3_CAN_REPLACE_VST2=0",
					"JUCE_STRICT_REFCOUNTEDPOINTER=1",
					"JucePlugin_Build_VST=0",
					"JucePlugin_Build_VST3=0",
					"JucePlugin_Build_AU=0",
					"JucePlugin_Build_AUv3=0",
					"JucePlugin_Build_RTAS=0",
					"JucePlugin_Build_AAX=0",
					"JucePlugin_Build_Standalone=1",
					"JucePlugin_Build_Unity=0",
					"JucePlugin_Enable_IAA=0",
					"JucePlugin_Name=\\\"Hard\\ Clipper\\\"",
					"JucePlugin_Desc=\\\"Hard\\ Clipper\\\"",
					"JucePlugin_Manufacturer=\\\"Family\\ Time\\\"",
					"JucePlugin_ManufacturerWebsite=\\\"\\\"",
					"JucePlugin_ManufacturerEmail=\\\"\\\"",
					"JucePlugin_ManufacturerCode=0x4d616e75",
					"JucePlugin_PluginCode=0x4369666a",
					"JucePlugin_IsSynth=0",
					"JucePlugin_WantsMidiInput=0",
					"JucePlugin_ProducesMidiOutput=0",
					"JucePlugin_IsMidiEffect=0",
					"JucePlugin_EditorRequiresKeyboardFocus=0",
					"JucePlugin_Version=1.0.0",
					"JucePlugin_VersionCode=0x10000",
					"JucePlugin_VersionString=\\\"1.0.0\\\"",
					"JucePlugin_VSTUniqueID=JucePlugin_PluginCode",
					"JucePlugin_VSTCategory=kPlugCategEffect",
					"JucePlugin_Vst3Category=\\\"Fx\\\"",
					"JucePlugin_AUMainType='aufx'",
					"JucePlugin_AUSubType=JucePlugin_PluginCode",
					"JucePlugin_AUExportPrefix=HardClipperAU",
					"JucePlugin_AUExportPrefixQuoted=\\\"HardClipperAU\\\"",
					"JucePlugin_AUManufacturerCode=JucePlugin_ManufacturerCode",
					"JucePlugin_CFBundleIdentifier=com.FamilyTime.HardClipper",
					"JucePlugin_RTASCategory=0",
					"JucePlugin_RTASManufacturerCode=JucePlugin_ManufacturerCode",
					"JucePlugin_RTASProductId=JucePlugin_PluginCode",
					"JucePlugin_RTASDisableBypass=0",
					"JucePlugin_RTASDisableMultiMono=0",
					"JucePlugin_AAXIdentifier=com.FamilyTime.HardClipper",
					"JucePlugin_AAXManufacturerCode=JucePlugin_ManufacturerCode",
					"JucePlugin_AAXProductId=JucePlugin_PluginCode",
					"JucePlugin_AAXCategory=0",
					"JucePlugin_AAXDisableBypass=0",
					"JucePlugin_AAXDisableMultiMono=0",
					"JucePlugin_IAAType=0x61757278",
					"JucePlugin_IAASubType=JucePlugin_PluginCode",
					"JucePlugin_IAAName=\\\"Family\\ Time:\\ Hard\\ Clipper\\\"",
					"JucePlugin_VSTNumMidiInputs=16",
					"JucePlugin_VSTNumMidiOutputs=16",
					"JUCE_STANDALONE_APPLICATION=JucePlugin_Build_Standalone",
					"JUCER_XCODE_MAC_F6D2F4CF=1",
					"JUCE_APP_VERSION=1.0.0",
					"JUCE_APP_VERSION_HEX=0x10000",
				);
				GCC_VERSION = com.apple.compilers.llvm.clang.1_0;
				HEADER_SEARCH_PATHS = (
					"$(HOME)/JUCE/modules/juce_audio_processors/format_types/VST3_SDK",
					"../../JuceLibraryCode",
					"$(HOME)/JUCE/modules",
					"$(HOME)/JUCE/modules/juce_audio_plugin_client",
					"$(inherited)",
				);
				INFOPLIST_FILE = Info-Standalone_Plugin.plist;
				INFOPLIST_PREPROCESS = NO;
				MACOSX_DEPLOYMENT_TARGET = 10.11;
				MTL_HEADER_SEARCH_PATHS = (
					"$(HOME)/JUCE/modules/juce_audio_processors/format_types/VST3_SDK",
					"../../JuceLibraryCode",
					"$(HOME)/JUCE/modules",
					"$(HOME)/JUCE/modules/juce_audio_plugin_client",
				);
				OTHER_LDFLAGS = "-lHard\\ Clipper";
				PRODUCT_BUNDLE_IDENTIFIER = com.FamilyTime.HardClipper;
				PRODUCT_NAME = "Hard Clipper";
				USE_HEADERMAP = NO;
				VALID_ARCHS = "i386 x86_64 arm64 arm64e";
			};
			name = Debug;
		};
		C40AD9750073F6947FC41CDD = {
			isa = XCBuildConfiguration;
			buildSettings = {
				CLANG_CXX_LANGUAGE_STANDARD = "c++14";
				CLANG_CXX_LIBRARY = "libc++";
				CLANG_LINK_OBJC_RUNTIME = NO;
				CODE_SIGN_IDENTITY = "";
				COMBINE_HIDPI_IMAGES = YES;
				CONFIGURATION_BUILD_DIR = "$(PROJECT_DIR)/build/$(CONFIGURATION)";
				DEAD_CODE_STRIPPING = YES;
				GCC_GENERATE_DEBUGGING_SYMBOLS = NO;
				GCC_OPTIMIZATION_LEVEL = 3;
				GCC_PREPROCESSOR_DEFINITIONS = (
					"_NDEBUG=1",
					"NDEBUG=1",
					"JUCE_DISPLAY_SPLASH_SCREEN=1",
					"JUCE_USE_DARK_SPLASH_SCREEN=1",
					"JUCE_PROJUCER_VERSION=0x60005",
					"JUCE_MODULE_AVAILABLE_juce_audio_basics=1",
					"JUCE_MODULE_AVAILABLE_juce_audio_devices=1",
					"JUCE_MODULE_AVAILABLE_juce_audio_formats=1",
					"JUCE_MODULE_AVAILABLE_juce_audio_plugin_client=1",
					"JUCE_MODULE_AVAILABLE_juce_audio_processors=1",
					"JUCE_MODULE_AVAILABLE_juce_audio_utils=1",
					"JUCE_MODULE_AVAILABLE_juce_core=1",
					"JUCE_MODULE_AVAILABLE_juce_data_structures=1",
					"JUCE_MODULE_AVAILABLE_juce_events=1",
					"JUCE_MODULE_AVAILABLE_juce_graphics=1",
					"JUCE_MODULE_AVAILABLE_juce_gui_basics=1",
					"JUCE_MODULE_AVAILABLE_juce_gui_extra=1",
					"JUCE_GLOBAL_MODULE_SETTINGS_INCLUDED=1",
					"JUCE_VST3_CAN_REPLACE_VST2=0",
					"JUCE_STRICT_REFCOUNTEDPOINTER=1",
					"JucePlugin_Build_VST=0",
					"JucePlugin_Build_VST3=0",
					"JucePlugin_Build_AU=0",
					"JucePlugin_Build_AUv3=0",
					"JucePlugin_Build_RTAS=0",
					"JucePlugin_Build_AAX=0",
					"JucePlugin_Build_Standalone=1",
					"JucePlugin_Build_Unity=0",
					"JucePlugin_Enable_IAA=0",
					"JucePlugin_Name=\\\"Hard\\ Clipper\\\"",
					"JucePlugin_Desc=\\\"Hard\\ Clipper\\\"",
					"JucePlugin_Manufacturer=\\\"Family\\ Time\\\"",
					"JucePlugin_ManufacturerWebsite=\\\"\\\"",
					"JucePlugin_ManufacturerEmail=\\\"\\\"",
					"JucePlugin_ManufacturerCode=0x4d616e75",
					"JucePlugin_PluginCode=0x4369666a",
					"JucePlugin_IsSynth=0",
					"JucePlugin_WantsMidiInput=0",
					"JucePlugin_ProducesMidiOutput=0",
					"JucePlugin_IsMidiEffect=0",
					"JucePlugin_EditorRequiresKeyboardFocus=0",
					"JucePlugin_Version=1.0.0",
					"JucePlugin_VersionCode=0x10000",
					"JucePlugin_VersionString=\\\"1.0.0\\\"",
					"JucePlugin_VSTUniqueID=JucePlugin_PluginCode",
					"JucePlugin_VSTCategory=kPlugCategEffect",
					"JucePlugin_Vst3Category=\\\"Fx\\\"",
					"JucePlugin_AUMainType='aufx'",
					"JucePlugin_AUSubType=JucePlugin_PluginCode",
					"JucePlugin_AUExportPrefix=HardClipperAU",
					"JucePlugin_AUExportPrefixQuoted=\\\"HardClipperAU\\\"",
					"JucePlugin_AUManufacturerCode=JucePlugin_ManufacturerCode",
					"JucePlugin_CFBundleIdentifier=com.FamilyTime.HardClipper",
					"JucePlugin_RTASCategory=0",
					"JucePlugin_RTASManufacturerCode=JucePlugin_ManufacturerCode",
					"JucePlugin_RTASProductId=JucePlugin_PluginCode",
					"JucePlugin_RTASDisableBypass=0",
					"JucePlugin_RTASDisableMultiMono=0",
					"JucePlugin_AAXIdentifier=com.FamilyTime.HardClipper",
					"JucePlugin_AAXManufacturerCode=JucePlugin_ManufacturerCode",
					"JucePlugin_AAXProductId=JucePlugin_PluginCode",
					"JucePlugin_AAXCategory=0",
					"JucePlugin_AAXDisableBypass=0",
					"JucePlugin_AAXDisableMultiMono=0",
					"JucePlugin_IAAType=0x61757278",
					"JucePlugin_IAASubType=JucePlugin_PluginCode",
					"JucePlugin_IAAName=\\\"Family\\ Time:\\ Hard\\ Clipper\\\"",
					"JucePlugin_VSTNumMidiInputs=16",
					"JucePlugin_VSTNumMidiOutputs=16",
					"JUCE_STANDALONE_APPLICATION=JucePlugin_Build_Standalone",
					"JUCER_XCODE_MAC_F6D2F4CF=1",
					"JUCE_APP_VERSION=1.0.0",
					"JUCE_APP_VERSION_HEX=0x10000",
				);
				GCC_VERSION = com.apple.compilers.llvm.clang.1_0;
				HEADER_SEARCH_PATHS = (
					"$(HOME)/JUCE/modules/juce_audio_processors/format_types/VST3_SDK",
					"../../JuceLibraryCode",
					"$(HOME)/JUCE/modules",
					"$(HOME)/JUCE/modules/juce_audio_plugin_client",
					"$(inherited)",
				);
				INFOPLIST_FILE = Info-Standalone_Plugin.plist;
				INFOPLIST_PREPROCESS = NO;
				LLVM_LTO = YES;
				MACOSX_DEPLOYMENT_TARGET = 10.11;
				MTL_HEADER_SEARCH_PATHS = (
					"$(HOME)/JUCE/modules/juce_audio_processors/format_types/VST3_SDK",
					"../../JuceLibraryCode",
					"$(HOME)/JUCE/modules",
					"$(HOME)/JUCE/modules/juce_audio_plugin_client",
				);
				OTHER_LDFLAGS = "-lHard\\ Clipper";
				PRODUCT_BUNDLE_IDENTIFIER = com.FamilyTime.HardClipper;
				PRODUCT_NAME = "Hard Clipper";
				USE_HEADERMAP = NO;
				VALID_ARCHS = "i386 x86_64 arm64 arm64e";
			};
			name = Release;
		};
		42841E53102F05C8A57F5351 = {
			isa = XCBuildConfiguration;
			buildSettings = {
				CLANG_CXX_LANGUAGE_STANDARD = "c++14";
				CLANG_CXX_LIBRARY = "libc++";
				CLANG_LINK_OBJC_RUNTIME = NO;
				CODE_SIGN_IDENTITY = "";
				COMBINE_HIDPI_IMAGES = YES;
				CONFIGURATION_BUILD_DIR = "$(PROJECT_DIR)/build/$(CONFIGURATION)";
				COPY_PHASE_STRIP = NO;
				GCC_DYNAMIC_NO_PIC = NO;
				GCC_OPTIMIZATION_LEVEL = 0;
				GCC_PREPROCESSOR_DEFINITIONS = (
					"_DEBUG=1",
					"DEBUG=1",
					"JUCE_DISPLAY_SPLASH_SCREEN=1",
					"JUCE_USE_DARK_SPLASH_SCREEN=1",
					"JUCE_PROJUCER_VERSION=0x60005",
					"JUCE_MODULE_AVAILABLE_juce_audio_basics=1",
					"JUCE_MODULE_AVAILABLE_juce_audio_devices=1",
					"JUCE_MODULE_AVAILABLE_juce_audio_formats=1",
					"JUCE_MODULE_AVAILABLE_juce_audio_plugin_client=1",
					"JUCE_MODULE_AVAILABLE_juce_audio_processors=1",
					"JUCE_MODULE_AVAILABLE_juce_audio_utils=1",
					"JUCE_MODULE_AVAILABLE_juce_core=1",
					"JUCE_MODULE_AVAILABLE_juce_data_structures=1",
					"JUCE_MODULE_AVAILABLE_juce_events=1",
					"JUCE_MODULE_AVAILABLE_juce_graphics=1",
					"JUCE_MODULE_AVAILABLE_juce_gui_basics=1",
					"JUCE_MODULE_AVAILABLE_juce_gui_extra=1",
					"JUCE_GLOBAL_MODULE_SETTINGS_INCLUDED=1",
					"JUCE_VST3_CAN_REPLACE_VST2=0",
					"JUCE_STRICT_REFCOUNTEDPOINTER=1",
					"JucePlugin_Build_VST=0",
					"JucePlugin_Build_VST3=1",
					"JucePlugin_Build_AU=1",
					"JucePlugin_Build_AUv3=0",
					"JucePlugin_Build_RTAS=0",
					"JucePlugin_Build_AAX=0",
					"JucePlugin_Build_Standalone=1",
					"JucePlugin_Build_Unity=0",
					"JucePlugin_Enable_IAA=0",
					"JucePlugin_Name=\\\"Hard\\ Clipper\\\"",
					"JucePlugin_Desc=\\\"Hard\\ Clipper\\\"",
					"JucePlugin_Manufacturer=\\\"Family\\ Time\\\"",
					"JucePlugin_ManufacturerWebsite=\\\"\\\"",
					"JucePlugin_ManufacturerEmail=\\\"\\\"",
					"JucePlugin_ManufacturerCode=0x4d616e75",
					"JucePlugin_PluginCode=0x4369666a",
					"JucePlugin_IsSynth=0",
					"JucePlugin_WantsMidiInput=0",
					"JucePlugin_ProducesMidiOutput=0",
					"JucePlugin_IsMidiEffect=0",
					"JucePlugin_EditorRequiresKeyboardFocus=0",
					"JucePlugin_Version=1.0.0",
					"JucePlugin_VersionCode=0x10000",
					"JucePlugin_VersionString=\\\"1.0.0\\\"",
					"JucePlugin_VSTUniqueID=JucePlugin_PluginCode",
					"JucePlugin_VSTCategory=kPlugCategEffect",
					"JucePlugin_Vst3Category=\\\"Fx\\\"",
					"JucePlugin_AUMainType='aufx'",
					"JucePlugin_AUSubType=JucePlugin_PluginCode",
					"JucePlugin_AUExportPrefix=HardClipperAU",
					"JucePlugin_AUExportPrefixQuoted=\\\"HardClipperAU\\\"",
					"JucePlugin_AUManufacturerCode=JucePlugin_ManufacturerCode",
					"JucePlugin_CFBundleIdentifier=com.FamilyTime.HardClipper",
					"JucePlugin_RTASCategory=0",
					"JucePlugin_RTASManufacturerCode=JucePlugin_ManufacturerCode",
					"JucePlugin_RTASProductId=JucePlugin_PluginCode",
					"JucePlugin_RTASDisableBypass=0",
					"JucePlugin_RTASDisableMultiMono=0",
					"JucePlugin_AAXIdentifier=com.FamilyTime.HardClipper",
					"JucePlugin_AAXManufacturerCode=JucePlugin_ManufacturerCode",
					"JucePlugin_AAXProductId=JucePlugin_PluginCode",
					"JucePlugin_AAXCategory=0",
					"JucePlugin_AAXDisableBypass=0",
					"JucePlugin_AAXDisableMultiMono=0",
					"JucePlugin_IAAType=0x61757278",
					"JucePlugin_IAASubType=JucePlugin_PluginCode",
					"JucePlugin_IAAName=\\\"Family\\ Time:\\ Hard\\ Clipper\\\"",
					"JucePlugin_VSTNumMidiInputs=16",
					"JucePlugin_VSTNumMidiOutputs=16",
					"JUCE_STANDALONE_APPLICATION=JucePlugin_Build_Standalone",
					"JUCER_XCODE_MAC_F6D2F4CF=1",
					"JUCE_APP_VERSION=1.0.0",
					"JUCE_APP_VERSION_HEX=0x10000",
					"JUCE_SHARED_CODE=1",
				);
				GCC_VERSION = com.apple.compilers.llvm.clang.1_0;
				HEADER_SEARCH_PATHS = (
					"$(HOME)/JUCE/modules/juce_audio_processors/format_types/VST3_SDK",
					"../../JuceLibraryCode",
					"$(HOME)/JUCE/modules",
					"$(HOME)/JUCE/modules/juce_audio_plugin_client",
					"$(inherited)",
				);
				INSTALL_PATH = "@executable_path/../Frameworks";
				MACOSX_DEPLOYMENT_TARGET = 10.11;
				MTL_HEADER_SEARCH_PATHS = (
					"$(HOME)/JUCE/modules/juce_audio_processors/format_types/VST3_SDK",
					"../../JuceLibraryCode",
					"$(HOME)/JUCE/modules",
					"$(HOME)/JUCE/modules/juce_audio_plugin_client",
				);
				PRODUCT_BUNDLE_IDENTIFIER = com.FamilyTime.HardClipper;
				PRODUCT_NAME = "Hard Clipper";
				SKIP_INSTALL = YES;
				USE_HEADERMAP = NO;
				VALID_ARCHS = "i386 x86_64 arm64 arm64e";
			};
			name = Debug;
		};
		54AFBB51A6C243DA912B8071 = {
			isa = XCBuildConfiguration;
			buildSettings = {
				CLANG_CXX_LANGUAGE_STANDARD = "c++14";
				CLANG_CXX_LIBRARY = "libc++";
				CLANG_LINK_OBJC_RUNTIME = NO;
				CODE_SIGN_IDENTITY = "";
				COMBINE_HIDPI_IMAGES = YES;
				CONFIGURATION_BUILD_DIR = "$(PROJECT_DIR)/build/$(CONFIGURATION)";
				DEAD_CODE_STRIPPING = YES;
				GCC_GENERATE_DEBUGGING_SYMBOLS = NO;
				GCC_OPTIMIZATION_LEVEL = 3;
				GCC_PREPROCESSOR_DEFINITIONS = (
					"_NDEBUG=1",
					"NDEBUG=1",
					"JUCE_DISPLAY_SPLASH_SCREEN=1",
					"JUCE_USE_DARK_SPLASH_SCREEN=1",
					"JUCE_PROJUCER_VERSION=0x60005",
					"JUCE_MODULE_AVAILABLE_juce_audio_basics=1",
					"JUCE_MODULE_AVAILABLE_juce_audio_devices=1",
					"JUCE_MODULE_AVAILABLE_juce_audio_formats=1",
					"JUCE_MODULE_AVAILABLE_juce_audio_plugin_client=1",
					"JUCE_MODULE_AVAILABLE_juce_audio_processors=1",
					"JUCE_MODULE_AVAILABLE_juce_audio_utils=1",
					"JUCE_MODULE_AVAILABLE_juce_core=1",
					"JUCE_MODULE_AVAILABLE_juce_data_structures=1",
					"JUCE_MODULE_AVAILABLE_juce_events=1",
					"JUCE_MODULE_AVAILABLE_juce_graphics=1",
					"JUCE_MODULE_AVAILABLE_juce_gui_basics=1",
					"JUCE_MODULE_AVAILABLE_juce_gui_extra=1",
					"JUCE_GLOBAL_MODULE_SETTINGS_INCLUDED=1",
					"JUCE_VST3_CAN_REPLACE_VST2=0",
					"JUCE_STRICT_REFCOUNTEDPOINTER=1",
					"JucePlugin_Build_VST=0",
					"JucePlugin_Build_VST3=1",
					"JucePlugin_Build_AU=1",
					"JucePlugin_Build_AUv3=0",
					"JucePlugin_Build_RTAS=0",
					"JucePlugin_Build_AAX=0",
					"JucePlugin_Build_Standalone=1",
					"JucePlugin_Build_Unity=0",
					"JucePlugin_Enable_IAA=0",
					"JucePlugin_Name=\\\"Hard\\ Clipper\\\"",
					"JucePlugin_Desc=\\\"Hard\\ Clipper\\\"",
					"JucePlugin_Manufacturer=\\\"Family\\ Time\\\"",
					"JucePlugin_ManufacturerWebsite=\\\"\\\"",
					"JucePlugin_ManufacturerEmail=\\\"\\\"",
					"JucePlugin_ManufacturerCode=0x4d616e75",
					"JucePlugin_PluginCode=0x4369666a",
					"JucePlugin_IsSynth=0",
					"JucePlugin_WantsMidiInput=0",
					"JucePlugin_ProducesMidiOutput=0",
					"JucePlugin_IsMidiEffect=0",
					"JucePlugin_EditorRequiresKeyboardFocus=0",
					"JucePlugin_Version=1.0.0",
					"JucePlugin_VersionCode=0x10000",
					"JucePlugin_VersionString=\\\"1.0.0\\\"",
					"JucePlugin_VSTUniqueID=JucePlugin_PluginCode",
					"JucePlugin_VSTCategory=kPlugCategEffect",
					"JucePlugin_Vst3Category=\\\"Fx\\\"",
					"JucePlugin_AUMainType='aufx'",
					"JucePlugin_AUSubType=JucePlugin_PluginCode",
					"JucePlugin_AUExportPrefix=HardClipperAU",
					"JucePlugin_AUExportPrefixQuoted=\\\"HardClipperAU\\\"",
					"JucePlugin_AUManufacturerCode=JucePlugin_ManufacturerCode",
					"JucePlugin_CFBundleIdentifier=com.FamilyTime.HardClipper",
					"JucePlugin_RTASCategory=0",
					"JucePlugin_RTASManufacturerCode=JucePlugin_ManufacturerCode",
					"JucePlugin_RTASProductId=JucePlugin_PluginCode",
					"JucePlugin_RTASDisableBypass=0",
					"JucePlugin_RTASDisableMultiMono=0",
					"JucePlugin_AAXIdentifier=com.FamilyTime.HardClipper",
					"JucePlugin_AAXManufacturerCode=JucePlugin_ManufacturerCode",
					"JucePlugin_AAXProductId=JucePlugin_PluginCode",
					"JucePlugin_AAXCategory=0",
					"JucePlugin_AAXDisableBypass=0",
					"JucePlugin_AAXDisableMultiMono=0",
					"JucePlugin_IAAType=0x61757278",
					"JucePlugin_IAASubType=JucePlugin_PluginCode",
					"JucePlugin_IAAName=\\\"Family\\ Time:\\ Hard\\ Clipper\\\"",
					"JucePlugin_VSTNumMidiInputs=16",
					"JucePlugin_VSTNumMidiOutputs=16",
					"JUCE_STANDALONE_APPLICATION=JucePlugin_Build_Standalone",
					"JUCER_XCODE_MAC_F6D2F4CF=1",
					"JUCE_APP_VERSION=1.0.0",
					"JUCE_APP_VERSION_HEX=0x10000",
					"JUCE_SHARED_CODE=1",
				);
				GCC_VERSION = com.apple.compilers.llvm.clang.1_0;
				HEADER_SEARCH_PATHS = (
					"$(HOME)/JUCE/modules/juce_audio_processors/format_types/VST3_SDK",
					"../../JuceLibraryCode",
					"$(HOME)/JUCE/modules",
					"$(HOME)/JUCE/modules/juce_audio_plugin_client",
					"$(inherited)",
				);
				INSTALL_PATH = "@executable_path/../Frameworks";
				LLVM_LTO = YES;
				MACOSX_DEPLOYMENT_TARGET = 10.11;
				MTL_HEADER_SEARCH_PATHS = (
					"$(HOME)/JUCE/modules/juce_audio_processors/format_types/VST3_SDK",
					"../../JuceLibraryCode",
					"$(HOME)/JUCE/modules",
					"$(HOME)/JUCE/modules/juce_audio_plugin_client",
				);
				PRODUCT_BUNDLE_IDENTIFIER = com.FamilyTime.HardClipper;
				PRODUCT_NAME = "Hard Clipper";
				SKIP_INSTALL = YES;
				USE_HEADERMAP = NO;
				VALID_ARCHS = "i386 x86_64 arm64 arm64e";
			};
			name = Release;
		};
		993816CFDBBF8B4F29F2ECD4 = {
			isa = XCBuildConfiguration;
			buildSettings = {
				ALWAYS_SEARCH_USER_PATHS = NO;
				CLANG_ENABLE_OBJC_WEAK = YES;
				CLANG_WARN_BLOCK_CAPTURE_AUTORELEASING = YES;
				CLANG_WARN_BOOL_CONVERSION = YES;
				CLANG_WARN_COMMA = YES;
				CLANG_WARN_CONSTANT_CONVERSION = YES;
				CLANG_WARN_DEPRECATED_OBJC_IMPLEMENTATIONS = YES;
				CLANG_WARN_EMPTY_BODY = YES;
				CLANG_WARN_ENUM_CONVERSION = YES;
				CLANG_WARN_INFINITE_RECURSION = YES;
				CLANG_WARN_INT_CONVERSION = YES;
				CLANG_WARN_NON_LITERAL_NULL_CONVERSION = YES;
				CLANG_WARN_OBJC_IMPLICIT_RETAIN_SELF = YES;
				CLANG_WARN_OBJC_LITERAL_CONVERSION = YES;
				CLANG_WARN_RANGE_LOOP_ANALYSIS = YES;
				CLANG_WARN_STRICT_PROTOTYPES = YES;
				CLANG_WARN_SUSPICIOUS_MOVE = YES;
				CLANG_WARN_UNREACHABLE_CODE = YES;
				CLANG_WARN__DUPLICATE_METHOD_MATCH = YES;
				CODE_SIGN_IDENTITY = "";
				DEBUG_INFORMATION_FORMAT = dwarf;
				ENABLE_STRICT_OBJC_MSGSEND = YES;
				ENABLE_TESTABILITY = NO;
				GCC_C_LANGUAGE_STANDARD = c11;
				GCC_INLINES_ARE_PRIVATE_EXTERN = YES;
				GCC_MODEL_TUNING = G5;
				GCC_NO_COMMON_BLOCKS = YES;
				GCC_SYMBOLS_PRIVATE_EXTERN = YES;
				GCC_WARN_64_TO_32_BIT_CONVERSION = YES;
				GCC_WARN_ABOUT_RETURN_TYPE = YES;
				GCC_WARN_CHECK_SWITCH_STATEMENTS = YES;
				GCC_WARN_MISSING_PARENTHESES = YES;
				GCC_WARN_NON_VIRTUAL_DESTRUCTOR = YES;
				GCC_WARN_TYPECHECK_CALLS_TO_PRINTF = YES;
				GCC_WARN_UNDECLARED_SELECTOR = YES;
				GCC_WARN_UNINITIALIZED_AUTOS = YES;
				GCC_WARN_UNUSED_FUNCTION = YES;
				GCC_WARN_UNUSED_VARIABLE = YES;
				ONLY_ACTIVE_ARCH = YES;
				PRODUCT_NAME = "Hard Clipper";
				SDKROOT = macosx;
				WARNING_CFLAGS = "-Wreorder";
				ZERO_LINK = NO;
			};
			name = Debug;
		};
		3597DE439D53AE56E5CAD1AB = {
			isa = XCBuildConfiguration;
			buildSettings = {
				ALWAYS_SEARCH_USER_PATHS = NO;
				CLANG_ENABLE_OBJC_WEAK = YES;
				CLANG_WARN_BLOCK_CAPTURE_AUTORELEASING = YES;
				CLANG_WARN_BOOL_CONVERSION = YES;
				CLANG_WARN_COMMA = YES;
				CLANG_WARN_CONSTANT_CONVERSION = YES;
				CLANG_WARN_DEPRECATED_OBJC_IMPLEMENTATIONS = YES;
				CLANG_WARN_EMPTY_BODY = YES;
				CLANG_WARN_ENUM_CONVERSION = YES;
				CLANG_WARN_INFINITE_RECURSION = YES;
				CLANG_WARN_INT_CONVERSION = YES;
				CLANG_WARN_NON_LITERAL_NULL_CONVERSION = YES;
				CLANG_WARN_OBJC_IMPLICIT_RETAIN_SELF = YES;
				CLANG_WARN_OBJC_LITERAL_CONVERSION = YES;
				CLANG_WARN_RANGE_LOOP_ANALYSIS = YES;
				CLANG_WARN_STRICT_PROTOTYPES = YES;
				CLANG_WARN_SUSPICIOUS_MOVE = YES;
				CLANG_WARN_UNREACHABLE_CODE = YES;
				CLANG_WARN__DUPLICATE_METHOD_MATCH = YES;
				CODE_SIGN_IDENTITY = "";
				DEBUG_INFORMATION_FORMAT = dwarf;
				ENABLE_STRICT_OBJC_MSGSEND = YES;
				ENABLE_TESTABILITY = NO;
				GCC_C_LANGUAGE_STANDARD = c11;
				GCC_INLINES_ARE_PRIVATE_EXTERN = YES;
				GCC_MODEL_TUNING = G5;
				GCC_NO_COMMON_BLOCKS = YES;
				GCC_SYMBOLS_PRIVATE_EXTERN = YES;
				GCC_WARN_64_TO_32_BIT_CONVERSION = YES;
				GCC_WARN_ABOUT_RETURN_TYPE = YES;
				GCC_WARN_CHECK_SWITCH_STATEMENTS = YES;
				GCC_WARN_MISSING_PARENTHESES = YES;
				GCC_WARN_NON_VIRTUAL_DESTRUCTOR = YES;
				GCC_WARN_TYPECHECK_CALLS_TO_PRINTF = YES;
				GCC_WARN_UNDECLARED_SELECTOR = YES;
				GCC_WARN_UNINITIALIZED_AUTOS = YES;
				GCC_WARN_UNUSED_FUNCTION = YES;
				GCC_WARN_UNUSED_VARIABLE = YES;
				PRODUCT_NAME = "Hard Clipper";
				SDKROOT = macosx;
				WARNING_CFLAGS = "-Wreorder";
				ZERO_LINK = NO;
			};
			name = Release;
		};
		643DA7DE10A78FC2CAD8FC5B = {
			isa = XCConfigurationList;
			buildConfigurations = (
				993816CFDBBF8B4F29F2ECD4,
				3597DE439D53AE56E5CAD1AB,
			);
			defaultConfigurationIsVisible = 0;
			defaultConfigurationName = Debug;
		};
		BAA3B3432B4CC818D49E93DA = {
			isa = XCConfigurationList;
			buildConfigurations = (
				CB43174C9358E4913B459D7C,
				6B5BF9EE27D04D789CC293FD,
			);
			defaultConfigurationIsVisible = 0;
			defaultConfigurationName = Debug;
		};
		452C7976BD9CB524EC8EB469 = {
			isa = PBXAggregateTarget;
			buildConfigurationList = BAA3B3432B4CC818D49E93DA;
			buildPhases = ( );
			buildRules = ( );
			dependencies = (
				2F7CEA61263CF964258EE2E9,
				63969F44B89AFAFD788CA9DD,
				DCF09579D0E62C7D2CE4A9C7,
				D843F9C7CF847763FA78600A,
			);
			name = "Hard Clipper - All";
			productName = "Hard Clipper";
		};
		3FCA1D6D534115F27A3BFDF4 = {
			isa = XCConfigurationList;
			buildConfigurations = (
				C76D71E71654C086C38588C9,
				31E29E80959CB7D05F4F6908,
			);
			defaultConfigurationIsVisible = 0;
			defaultConfigurationName = Debug;
		};
		AF4CD925931703977BC6532B = {
			isa = PBXResourcesBuildPhase;
			buildActionMask = 2147483647;
			files = (
				6ED0C29BD44476D6F0AD0F40,
			);
			runOnlyForDeploymentPostprocessing = 0;
		};
		DA3E72902C884BEE897857C9 = {
			isa = PBXSourcesBuildPhase;
			buildActionMask = 2147483647;
			files = (
				CAC6216C93B546886A42A805,
			);
			runOnlyForDeploymentPostprocessing = 0;
		};
		05AEA308D845A49CBB9B5D3C = {
			isa = PBXFrameworksBuildPhase;
			buildActionMask = 2147483647;
			files = (
				09CD536FDB5799BD6131308A,
				3695C205788D6425799A667C,
				4A65F33190D899D16CE8D8BB,
				43D48BEA4180E65EE8F48796,
				18B172250216F428B2287211,
				4E69660300F224888FF619B2,
				BB4F2911CDBF6A70EE8F3A71,
				95C8C6AF09C90076ACA18E70,
				E4327C21A2001A2067558C7D,
				648854FEA0E4092B1F5D2D7E,
				14B315DCC7EFBC7F1A206D47,
				820CF68A3795AE7DEDB36EC7,
			);
			runOnlyForDeploymentPostprocessing = 0;
		};
		DC01608F29F76E85E9065AD3 = {
			isa = PBXNativeTarget;
			buildConfigurationList = 3FCA1D6D534115F27A3BFDF4;
			buildPhases = (
				AF4CD925931703977BC6532B,
				DA3E72902C884BEE897857C9,
				05AEA308D845A49CBB9B5D3C,
			);
			buildRules = ( );
			dependencies = (
				0598607C0C17C4004EBF6470,
			);
			name = "Hard Clipper - VST3";
			productName = "Hard Clipper";
			productReference = 44AE87E741B3E800690C03E8;
			productType = "com.apple.product-type.bundle";
		};
		CADC807F0BD65DDC357EBA41 = {
			isa = XCConfigurationList;
			buildConfigurations = (
				A8F86EC2FE74C9EB11D0591C,
				A1AE7BBEB4CC1B93E924C052,
			);
			defaultConfigurationIsVisible = 0;
			defaultConfigurationName = Debug;
		};
		67F9F8ECB3E3E5BB112FDD67 = {
			isa = PBXResourcesBuildPhase;
			buildActionMask = 2147483647;
			files = (
				6ED0C29BD44476D6F0AD0F40,
			);
			runOnlyForDeploymentPostprocessing = 0;
		};
		91F6C8271004C2F1E117E806 = {
			isa = PBXRezBuildPhase;
			buildActionMask = 2147483647;
			files = (
				B98B8C03CF724761F4C1EA83,
			);
			runOnlyForDeploymentPostprocessing = 0;
		};
		6D9EFC9FC5D70FF5B3B63C29 = {
			isa = PBXSourcesBuildPhase;
			buildActionMask = 2147483647;
			files = (
				6CAE5F29E3AB7F9DEDBACE87,
				573D044F77ABCD063B570674,
			);
			runOnlyForDeploymentPostprocessing = 0;
		};
		5D43587F2CFE61CC9F389AE4 = {
			isa = PBXFrameworksBuildPhase;
			buildActionMask = 2147483647;
			files = (
				7F85B46C68CF97F724F18CF9,
				09CD536FDB5799BD6131308A,
				3695C205788D6425799A667C,
				4A65F33190D899D16CE8D8BB,
				43D48BEA4180E65EE8F48796,
				18B172250216F428B2287211,
				4E69660300F224888FF619B2,
				BB4F2911CDBF6A70EE8F3A71,
				95C8C6AF09C90076ACA18E70,
				E4327C21A2001A2067558C7D,
				648854FEA0E4092B1F5D2D7E,
				14B315DCC7EFBC7F1A206D47,
				820CF68A3795AE7DEDB36EC7,
			);
			runOnlyForDeploymentPostprocessing = 0;
		};
		95CA73A2BEF712DBBDFAD25F = {
			isa = PBXNativeTarget;
			buildConfigurationList = CADC807F0BD65DDC357EBA41;
			buildPhases = (
				67F9F8ECB3E3E5BB112FDD67,
				91F6C8271004C2F1E117E806,
				6D9EFC9FC5D70FF5B3B63C29,
				5D43587F2CFE61CC9F389AE4,
			);
			buildRules = ( );
			dependencies = (
				8800F3457C38E6BF2AD75F1D,
			);
			name = "Hard Clipper - AU";
			productName = "Hard Clipper";
			productReference = F00524EB7DEFAD8795699575;
			productType = "com.apple.product-type.bundle";
		};
		3361A904A2F084090647ACB3 = {
			isa = XCConfigurationList;
			buildConfigurations = (
				A95C37584C3F8E5AED3F85CC,
				C40AD9750073F6947FC41CDD,
			);
			defaultConfigurationIsVisible = 0;
			defaultConfigurationName = Debug;
		};
		956031391BBDA7070DE56249 = {
			isa = PBXResourcesBuildPhase;
			buildActionMask = 2147483647;
			files = (
				6ED0C29BD44476D6F0AD0F40,
			);
			runOnlyForDeploymentPostprocessing = 0;
		};
		70C3C5A9754DC4654DF73C88 = {
			isa = PBXSourcesBuildPhase;
			buildActionMask = 2147483647;
			files = (
				ECB9F44CF04DAE9BB869A3B7,
			);
			runOnlyForDeploymentPostprocessing = 0;
		};
		1A4458BC5CA70911C6BA8500 = {
			isa = PBXFrameworksBuildPhase;
			buildActionMask = 2147483647;
			files = (
				09CD536FDB5799BD6131308A,
				3695C205788D6425799A667C,
				4A65F33190D899D16CE8D8BB,
				43D48BEA4180E65EE8F48796,
				18B172250216F428B2287211,
				4E69660300F224888FF619B2,
				BB4F2911CDBF6A70EE8F3A71,
				95C8C6AF09C90076ACA18E70,
				E4327C21A2001A2067558C7D,
				648854FEA0E4092B1F5D2D7E,
				14B315DCC7EFBC7F1A206D47,
				820CF68A3795AE7DEDB36EC7,
			);
			runOnlyForDeploymentPostprocessing = 0;
		};
		5FF04655EC9752FEDCC28F4A = {
			isa = PBXNativeTarget;
			buildConfigurationList = 3361A904A2F084090647ACB3;
			buildPhases = (
				956031391BBDA7070DE56249,
				70C3C5A9754DC4654DF73C88,
				1A4458BC5CA70911C6BA8500,
			);
			buildRules = ( );
			dependencies = (
				9651280DF8515446E83AACEE,
			);
			name = "Hard Clipper - Standalone Plugin";
			productName = "Hard Clipper";
			productReference = C7DEDCE7B261A161F74F9939;
			productType = "com.apple.product-type.application";
		};
		9E3B6D2B20EF77F255063289 = {
			isa = XCConfigurationList;
			buildConfigurations = (
				42841E53102F05C8A57F5351,
				54AFBB51A6C243DA912B8071,
			);
			defaultConfigurationIsVisible = 0;
			defaultConfigurationName = Debug;
		};
		0750AEA50EAE66EB33941B31 = {
			isa = PBXSourcesBuildPhase;
			buildActionMask = 2147483647;
			files = (
				798A18BBCE218E9713FD9232,
				C87FDB4D4AF2146236069AE0,
				EFD2015EE38B977CA73F75A0,
				A596A06BFB609418FCAB0927,
				33565773F0EE2FEBC0BB81EA,
				7DB4FD2FA82EC16557DC8565,
				67C5AA240264B59D17603C19,
				3F6A865C282B7ADA4CD0116E,
				13BFEADAB411CC1426857F92,
				0129D5F5531A642288E08CDB,
				F4D8D6EA8EB2317BCC40CA03,
				ADF07813BBE7A3B985EC3FA5,
				2B626446D7077D886CE75C38,
				5116EA04D481D92701783A08,
				7527959CF9F477C78B0D693C,
			);
			runOnlyForDeploymentPostprocessing = 0;
		};
		30B9A1A1C72F92AC7972EBAD = {
			isa = PBXNativeTarget;
			buildConfigurationList = 9E3B6D2B20EF77F255063289;
			buildPhases = (
				0750AEA50EAE66EB33941B31,
			);
			buildRules = ( );
			dependencies = ( );
			name = "Hard Clipper - Shared Code";
			productName = "Hard Clipper";
			productReference = 5A38C4CA623FFA9E450DAC0D;
			productType = "com.apple.product-type.library.static";
		};
		A53CC614752EA0FA9FC212A9 = {
			isa = PBXProject;
			buildConfigurationList = 643DA7DE10A78FC2CAD8FC5B;
			attributes = { LastUpgradeCheck = 1200; ORGANIZATIONNAME = "Family Time"; TargetAttributes = { 452C7976BD9CB524EC8EB469 = { SystemCapabilities = {com.apple.ApplicationGroups.iOS = { enabled = 0; }; com.apple.InAppPurchase = { enabled = 0; }; com.apple.InterAppAudio = { enabled = 0; }; com.apple.Push = { enabled = 0; }; com.apple.Sandbox = { enabled = 0; }; com.apple.HardenedRuntime = { enabled = 0; }; }; };DC01608F29F76E85E9065AD3 = { SystemCapabilities = {com.apple.ApplicationGroups.iOS = { enabled = 0; }; com.apple.InAppPurchase = { enabled = 0; }; com.apple.InterAppAudio = { enabled = 0; }; com.apple.Push = { enabled = 0; }; com.apple.Sandbox = { enabled = 0; }; com.apple.HardenedRuntime = { enabled = 0; }; }; };95CA73A2BEF712DBBDFAD25F = { SystemCapabilities = {com.apple.ApplicationGroups.iOS = { enabled = 0; }; com.apple.InAppPurchase = { enabled = 0; }; com.apple.InterAppAudio = { enabled = 0; }; com.apple.Push = { enabled = 0; }; com.apple.Sandbox = { enabled = 0; }; com.apple.HardenedRuntime = { enabled = 0; }; }; };5FF04655EC9752FEDCC28F4A = { SystemCapabilities = {com.apple.ApplicationGroups.iOS = { enabled = 0; }; com.apple.InAppPurchase = { enabled = 0; }; com.apple.InterAppAudio = { enabled = 0; }; com.apple.Push = { enabled = 0; }; com.apple.Sandbox = { enabled = 0; }; com.apple.HardenedRuntime = { enabled = 0; }; }; };30B9A1A1C72F92AC7972EBAD = { SystemCapabilities = {com.apple.ApplicationGroups.iOS = { enabled = 0; }; com.apple.InAppPurchase = { enabled = 0; }; com.apple.InterAppAudio = { enabled = 0; }; com.apple.Push = { enabled = 0; }; com.apple.Sandbox = { enabled = 0; }; com.apple.HardenedRuntime = { enabled = 0; }; }; }; }; };
			compatibilityVersion = "Xcode 3.2";
			hasScannedForEncodings = 0;
			mainGroup = 8FE18D62107E10B137DA8E7A;
			projectDirPath = "";
			projectRoot = "";
			targets = (452C7976BD9CB524EC8EB469, DC01608F29F76E85E9065AD3, 95CA73A2BEF712DBBDFAD25F, 5FF04655EC9752FEDCC28F4A, 30B9A1A1C72F92AC7972EBAD);
			knownRegions = (en, Base);
		};
	};
	rootObject = A53CC614752EA0FA9FC212A9;
}
